// !$*UTF8*$!
{
	archiveVersion = 1;
	classes = {
	};
	objectVersion = 46;
	objects = {

/* Begin PBXBuildFile section */
		FD4FED0F1D6E96180059FEA5 /* DPMeHeaderView.m in Sources */ = {isa = PBXBuildFile; fileRef = FD4FED0E1D6E96180059FEA5 /* DPMeHeaderView.m */; };
		FD4FED171D6E9AB90059FEA5 /* UIView+Extension.m in Sources */ = {isa = PBXBuildFile; fileRef = FD4FED161D6E9AB90059FEA5 /* UIView+Extension.m */; };
		FD4FED1A1D6EE1920059FEA5 /* DPRegion.m in Sources */ = {isa = PBXBuildFile; fileRef = FD4FED191D6EE1920059FEA5 /* DPRegion.m */; };
		FD4FED331D6EE2A10059FEA5 /* Info.plist in Resources */ = {isa = PBXBuildFile; fileRef = FD4FED1D1D6EE2A10059FEA5 /* Info.plist */; };
		FD4FED341D6EE2A10059FEA5 /* MJExtensionConst.m in Sources */ = {isa = PBXBuildFile; fileRef = FD4FED201D6EE2A10059FEA5 /* MJExtensionConst.m */; };
		FD4FED351D6EE2A10059FEA5 /* MJFoundation.m in Sources */ = {isa = PBXBuildFile; fileRef = FD4FED221D6EE2A10059FEA5 /* MJFoundation.m */; };
		FD4FED361D6EE2A10059FEA5 /* MJProperty.m in Sources */ = {isa = PBXBuildFile; fileRef = FD4FED241D6EE2A10059FEA5 /* MJProperty.m */; };
		FD4FED371D6EE2A10059FEA5 /* MJPropertyKey.m in Sources */ = {isa = PBXBuildFile; fileRef = FD4FED261D6EE2A10059FEA5 /* MJPropertyKey.m */; };
		FD4FED381D6EE2A10059FEA5 /* MJPropertyType.m in Sources */ = {isa = PBXBuildFile; fileRef = FD4FED281D6EE2A10059FEA5 /* MJPropertyType.m */; };
		FD4FED391D6EE2A10059FEA5 /* NSObject+MJClass.m in Sources */ = {isa = PBXBuildFile; fileRef = FD4FED2A1D6EE2A10059FEA5 /* NSObject+MJClass.m */; };
		FD4FED3A1D6EE2A10059FEA5 /* NSObject+MJCoding.m in Sources */ = {isa = PBXBuildFile; fileRef = FD4FED2C1D6EE2A10059FEA5 /* NSObject+MJCoding.m */; };
		FD4FED3B1D6EE2A10059FEA5 /* NSObject+MJKeyValue.m in Sources */ = {isa = PBXBuildFile; fileRef = FD4FED2E1D6EE2A10059FEA5 /* NSObject+MJKeyValue.m */; };
		FD4FED3C1D6EE2A10059FEA5 /* NSObject+MJProperty.m in Sources */ = {isa = PBXBuildFile; fileRef = FD4FED301D6EE2A10059FEA5 /* NSObject+MJProperty.m */; };
		FD4FED3D1D6EE2A10059FEA5 /* NSString+MJExtension.m in Sources */ = {isa = PBXBuildFile; fileRef = FD4FED321D6EE2A10059FEA5 /* NSString+MJExtension.m */; };
		FD4FED411D6EE5D00059FEA5 /* region.json in Resources */ = {isa = PBXBuildFile; fileRef = FD4FED401D6EE5D00059FEA5 /* region.json */; };
		FD4FED441D6EEC2E0059FEA5 /* DPRegionCollectionCell.m in Sources */ = {isa = PBXBuildFile; fileRef = FD4FED431D6EEC2E0059FEA5 /* DPRegionCollectionCell.m */; };
		FD9D341D1D6DD2280032ADE1 /* main.m in Sources */ = {isa = PBXBuildFile; fileRef = FD9D341C1D6DD2280032ADE1 /* main.m */; };
		FD9D34201D6DD2280032ADE1 /* AppDelegate.m in Sources */ = {isa = PBXBuildFile; fileRef = FD9D341F1D6DD2280032ADE1 /* AppDelegate.m */; };
		FD9D34291D6DD2280032ADE1 /* MyBilibili.xcdatamodeld in Sources */ = {isa = PBXBuildFile; fileRef = FD9D34271D6DD2280032ADE1 /* MyBilibili.xcdatamodeld */; };
		FD9D342B1D6DD2280032ADE1 /* Assets.xcassets in Resources */ = {isa = PBXBuildFile; fileRef = FD9D342A1D6DD2280032ADE1 /* Assets.xcassets */; };
		FD9D34391D6DD2280032ADE1 /* MyBilibiliTests.m in Sources */ = {isa = PBXBuildFile; fileRef = FD9D34381D6DD2280032ADE1 /* MyBilibiliTests.m */; };
		FD9D34441D6DD2280032ADE1 /* MyBilibiliUITests.m in Sources */ = {isa = PBXBuildFile; fileRef = FD9D34431D6DD2280032ADE1 /* MyBilibiliUITests.m */; };
		FD9D34731D6DDDA80032ADE1 /* DPTabBarViewController.m in Sources */ = {isa = PBXBuildFile; fileRef = FD9D34721D6DDDA80032ADE1 /* DPTabBarViewController.m */; };
		FD9D34B91D6DE7BF0032ADE1 /* DPMeViewController.m in Sources */ = {isa = PBXBuildFile; fileRef = FD9D34B81D6DE7BF0032ADE1 /* DPMeViewController.m */; };
		FD9D34BC1D6DE7D20032ADE1 /* DPHomeViewController.m in Sources */ = {isa = PBXBuildFile; fileRef = FD9D34BB1D6DE7D20032ADE1 /* DPHomeViewController.m */; };
		FD9D34BF1D6DE7F10032ADE1 /* DPFoundTableViewController.m in Sources */ = {isa = PBXBuildFile; fileRef = FD9D34BE1D6DE7F10032ADE1 /* DPFoundTableViewController.m */; };
		FD9D34C31D6DE8080032ADE1 /* DPFocusTableViewController.m in Sources */ = {isa = PBXBuildFile; fileRef = FD9D34C21D6DE8080032ADE1 /* DPFocusTableViewController.m */; };
		FD9D34C61D6DE96E0032ADE1 /* DPSubareaViewController.m in Sources */ = {isa = PBXBuildFile; fileRef = FD9D34C51D6DE96E0032ADE1 /* DPSubareaViewController.m */; };
		FDC11BF61D71C9E00099B2EA /* DPHomeTitleView.m in Sources */ = {isa = PBXBuildFile; fileRef = FDC11BF51D71C9E00099B2EA /* DPHomeTitleView.m */; };
		FDC11BF91D71D6130099B2EA /* DPHomeRecommendTableVC.m in Sources */ = {isa = PBXBuildFile; fileRef = FDC11BF81D71D6130099B2EA /* DPHomeRecommendTableVC.m */; };
		FDC11BFC1D71D9440099B2EA /* DPHomeBanner.m in Sources */ = {isa = PBXBuildFile; fileRef = FDC11BFB1D71D9440099B2EA /* DPHomeBanner.m */; };
		FDC11C0B1D71F2050099B2EA /* AFHTTPSessionManager.m in Sources */ = {isa = PBXBuildFile; fileRef = FDC11BFF1D71F2050099B2EA /* AFHTTPSessionManager.m */; };
		FDC11C0C1D71F2050099B2EA /* AFNetworkReachabilityManager.m in Sources */ = {isa = PBXBuildFile; fileRef = FDC11C021D71F2050099B2EA /* AFNetworkReachabilityManager.m */; };
		FDC11C0D1D71F2050099B2EA /* AFSecurityPolicy.m in Sources */ = {isa = PBXBuildFile; fileRef = FDC11C041D71F2050099B2EA /* AFSecurityPolicy.m */; };
		FDC11C0E1D71F2050099B2EA /* AFURLRequestSerialization.m in Sources */ = {isa = PBXBuildFile; fileRef = FDC11C061D71F2050099B2EA /* AFURLRequestSerialization.m */; };
		FDC11C0F1D71F2050099B2EA /* AFURLResponseSerialization.m in Sources */ = {isa = PBXBuildFile; fileRef = FDC11C081D71F2050099B2EA /* AFURLResponseSerialization.m */; };
		FDC11C101D71F2050099B2EA /* AFURLSessionManager.m in Sources */ = {isa = PBXBuildFile; fileRef = FDC11C0A1D71F2050099B2EA /* AFURLSessionManager.m */; };
		FDC11C261D71F4270099B2EA /* AFAutoPurgingImageCache.m in Sources */ = {isa = PBXBuildFile; fileRef = FDC11C131D71F4270099B2EA /* AFAutoPurgingImageCache.m */; };
		FDC11C271D71F4270099B2EA /* AFImageDownloader.m in Sources */ = {isa = PBXBuildFile; fileRef = FDC11C151D71F4270099B2EA /* AFImageDownloader.m */; };
		FDC11C281D71F4270099B2EA /* AFNetworkActivityIndicatorManager.m in Sources */ = {isa = PBXBuildFile; fileRef = FDC11C171D71F4270099B2EA /* AFNetworkActivityIndicatorManager.m */; };
		FDC11C291D71F4270099B2EA /* UIActivityIndicatorView+AFNetworking.m in Sources */ = {isa = PBXBuildFile; fileRef = FDC11C191D71F4270099B2EA /* UIActivityIndicatorView+AFNetworking.m */; };
		FDC11C2A1D71F4270099B2EA /* UIButton+AFNetworking.m in Sources */ = {isa = PBXBuildFile; fileRef = FDC11C1B1D71F4270099B2EA /* UIButton+AFNetworking.m */; };
		FDC11C2B1D71F4270099B2EA /* UIImageView+AFNetworking.m in Sources */ = {isa = PBXBuildFile; fileRef = FDC11C1E1D71F4270099B2EA /* UIImageView+AFNetworking.m */; };
		FDC11C2C1D71F4270099B2EA /* UIProgressView+AFNetworking.m in Sources */ = {isa = PBXBuildFile; fileRef = FDC11C211D71F4270099B2EA /* UIProgressView+AFNetworking.m */; };
		FDC11C2D1D71F4270099B2EA /* UIRefreshControl+AFNetworking.m in Sources */ = {isa = PBXBuildFile; fileRef = FDC11C231D71F4270099B2EA /* UIRefreshControl+AFNetworking.m */; };
		FDC11C2E1D71F4270099B2EA /* UIWebView+AFNetworking.m in Sources */ = {isa = PBXBuildFile; fileRef = FDC11C251D71F4270099B2EA /* UIWebView+AFNetworking.m */; };
		FDC11C541D720F5C0099B2EA /* MKAnnotationView+WebCache.m in Sources */ = {isa = PBXBuildFile; fileRef = FDC11C341D720F5C0099B2EA /* MKAnnotationView+WebCache.m */; };
		FDC11C551D720F5C0099B2EA /* NSData+ImageContentType.m in Sources */ = {isa = PBXBuildFile; fileRef = FDC11C361D720F5C0099B2EA /* NSData+ImageContentType.m */; };
		FDC11C561D720F5C0099B2EA /* SDImageCache.m in Sources */ = {isa = PBXBuildFile; fileRef = FDC11C381D720F5C0099B2EA /* SDImageCache.m */; };
		FDC11C571D720F5C0099B2EA /* SDWebImageCompat.m in Sources */ = {isa = PBXBuildFile; fileRef = FDC11C3A1D720F5C0099B2EA /* SDWebImageCompat.m */; };
		FDC11C581D720F5C0099B2EA /* SDWebImageDecoder.m in Sources */ = {isa = PBXBuildFile; fileRef = FDC11C3C1D720F5C0099B2EA /* SDWebImageDecoder.m */; };
		FDC11C591D720F5C0099B2EA /* SDWebImageDownloader.m in Sources */ = {isa = PBXBuildFile; fileRef = FDC11C3E1D720F5C0099B2EA /* SDWebImageDownloader.m */; };
		FDC11C5A1D720F5C0099B2EA /* SDWebImageDownloaderOperation.m in Sources */ = {isa = PBXBuildFile; fileRef = FDC11C401D720F5C0099B2EA /* SDWebImageDownloaderOperation.m */; };
		FDC11C5B1D720F5C0099B2EA /* SDWebImageManager.m in Sources */ = {isa = PBXBuildFile; fileRef = FDC11C421D720F5C0099B2EA /* SDWebImageManager.m */; };
		FDC11C5C1D720F5C0099B2EA /* SDWebImagePrefetcher.m in Sources */ = {isa = PBXBuildFile; fileRef = FDC11C451D720F5C0099B2EA /* SDWebImagePrefetcher.m */; };
		FDC11C5D1D720F5C0099B2EA /* UIButton+WebCache.m in Sources */ = {isa = PBXBuildFile; fileRef = FDC11C471D720F5C0099B2EA /* UIButton+WebCache.m */; };
		FDC11C5E1D720F5C0099B2EA /* UIImage+GIF.m in Sources */ = {isa = PBXBuildFile; fileRef = FDC11C491D720F5C0099B2EA /* UIImage+GIF.m */; };
		FDC11C5F1D720F5C0099B2EA /* UIImage+MultiFormat.m in Sources */ = {isa = PBXBuildFile; fileRef = FDC11C4B1D720F5C0099B2EA /* UIImage+MultiFormat.m */; };
		FDC11C601D720F5C0099B2EA /* UIImage+WebP.m in Sources */ = {isa = PBXBuildFile; fileRef = FDC11C4D1D720F5C0099B2EA /* UIImage+WebP.m */; };
		FDC11C611D720F5C0099B2EA /* UIImageView+HighlightedWebCache.m in Sources */ = {isa = PBXBuildFile; fileRef = FDC11C4F1D720F5C0099B2EA /* UIImageView+HighlightedWebCache.m */; };
		FDC11C621D720F5C0099B2EA /* UIImageView+WebCache.m in Sources */ = {isa = PBXBuildFile; fileRef = FDC11C511D720F5C0099B2EA /* UIImageView+WebCache.m */; };
		FDC11C631D720F5C0099B2EA /* UIView+WebCacheOperation.m in Sources */ = {isa = PBXBuildFile; fileRef = FDC11C531D720F5C0099B2EA /* UIView+WebCacheOperation.m */; };
		FDC11C6C1D72B9DF0099B2EA /* DPHomeHeadView.m in Sources */ = {isa = PBXBuildFile; fileRef = FDC11C6B1D72B9DF0099B2EA /* DPHomeHeadView.m */; };
		FDCB6E4A1D6FE1FE004338A2 /* DPMeHeadButton.m in Sources */ = {isa = PBXBuildFile; fileRef = FDCB6E491D6FE1FE004338A2 /* DPMeHeadButton.m */; };
		FDCB6E4D1D6FE421004338A2 /* DPMeHomeTabVC.m in Sources */ = {isa = PBXBuildFile; fileRef = FDCB6E4C1D6FE421004338A2 /* DPMeHomeTabVC.m */; };
		FDCB6E501D6FED5C004338A2 /* DPMeTableViewCell.m in Sources */ = {isa = PBXBuildFile; fileRef = FDCB6E4F1D6FED5C004338A2 /* DPMeTableViewCell.m */; };
		FDCB6E531D6FF692004338A2 /* DPItem.m in Sources */ = {isa = PBXBuildFile; fileRef = FDCB6E521D6FF692004338A2 /* DPItem.m */; };
		FDCB6E581D6FFFEF004338A2 /* DPGroupItem.m in Sources */ = {isa = PBXBuildFile; fileRef = FDCB6E571D6FFFEF004338A2 /* DPGroupItem.m */; };
		FDD502AF1D6DEC170014EED3 /* DPNavigationController.m in Sources */ = {isa = PBXBuildFile; fileRef = FDD502AE1D6DEC170014EED3 /* DPNavigationController.m */; };
		FDD9C6241D731EB80065D9C6 /* DPHomeStatus.m in Sources */ = {isa = PBXBuildFile; fileRef = FDD9C6231D731EB80065D9C6 /* DPHomeStatus.m */; };
/* End PBXBuildFile section */

/* Begin PBXContainerItemProxy section */
		FD9D34351D6DD2280032ADE1 /* PBXContainerItemProxy */ = {
			isa = PBXContainerItemProxy;
			containerPortal = FD9D34101D6DD2280032ADE1 /* Project object */;
			proxyType = 1;
			remoteGlobalIDString = FD9D34171D6DD2280032ADE1;
			remoteInfo = MyBilibili;
		};
		FD9D34401D6DD2280032ADE1 /* PBXContainerItemProxy */ = {
			isa = PBXContainerItemProxy;
			containerPortal = FD9D34101D6DD2280032ADE1 /* Project object */;
			proxyType = 1;
			remoteGlobalIDString = FD9D34171D6DD2280032ADE1;
			remoteInfo = MyBilibili;
		};
/* End PBXContainerItemProxy section */

/* Begin PBXFileReference section */
		FD4FED0D1D6E96180059FEA5 /* DPMeHeaderView.h */ = {isa = PBXFileReference; fileEncoding = 4; lastKnownFileType = sourcecode.c.h; path = DPMeHeaderView.h; sourceTree = "<group>"; };
		FD4FED0E1D6E96180059FEA5 /* DPMeHeaderView.m */ = {isa = PBXFileReference; fileEncoding = 4; lastKnownFileType = sourcecode.c.objc; path = DPMeHeaderView.m; sourceTree = "<group>"; };
		FD4FED151D6E9AB90059FEA5 /* UIView+Extension.h */ = {isa = PBXFileReference; fileEncoding = 4; lastKnownFileType = sourcecode.c.h; path = "UIView+Extension.h"; sourceTree = "<group>"; };
		FD4FED161D6E9AB90059FEA5 /* UIView+Extension.m */ = {isa = PBXFileReference; fileEncoding = 4; lastKnownFileType = sourcecode.c.objc; path = "UIView+Extension.m"; sourceTree = "<group>"; };
		FD4FED181D6EE1920059FEA5 /* DPRegion.h */ = {isa = PBXFileReference; fileEncoding = 4; lastKnownFileType = sourcecode.c.h; path = DPRegion.h; sourceTree = "<group>"; };
		FD4FED191D6EE1920059FEA5 /* DPRegion.m */ = {isa = PBXFileReference; fileEncoding = 4; lastKnownFileType = sourcecode.c.objc; path = DPRegion.m; sourceTree = "<group>"; };
		FD4FED1D1D6EE2A10059FEA5 /* Info.plist */ = {isa = PBXFileReference; fileEncoding = 4; lastKnownFileType = text.plist.xml; path = Info.plist; sourceTree = "<group>"; };
		FD4FED1E1D6EE2A10059FEA5 /* MJExtension.h */ = {isa = PBXFileReference; fileEncoding = 4; lastKnownFileType = sourcecode.c.h; path = MJExtension.h; sourceTree = "<group>"; };
		FD4FED1F1D6EE2A10059FEA5 /* MJExtensionConst.h */ = {isa = PBXFileReference; fileEncoding = 4; lastKnownFileType = sourcecode.c.h; path = MJExtensionConst.h; sourceTree = "<group>"; };
		FD4FED201D6EE2A10059FEA5 /* MJExtensionConst.m */ = {isa = PBXFileReference; fileEncoding = 4; lastKnownFileType = sourcecode.c.objc; path = MJExtensionConst.m; sourceTree = "<group>"; };
		FD4FED211D6EE2A10059FEA5 /* MJFoundation.h */ = {isa = PBXFileReference; fileEncoding = 4; lastKnownFileType = sourcecode.c.h; path = MJFoundation.h; sourceTree = "<group>"; };
		FD4FED221D6EE2A10059FEA5 /* MJFoundation.m */ = {isa = PBXFileReference; fileEncoding = 4; lastKnownFileType = sourcecode.c.objc; path = MJFoundation.m; sourceTree = "<group>"; };
		FD4FED231D6EE2A10059FEA5 /* MJProperty.h */ = {isa = PBXFileReference; fileEncoding = 4; lastKnownFileType = sourcecode.c.h; path = MJProperty.h; sourceTree = "<group>"; };
		FD4FED241D6EE2A10059FEA5 /* MJProperty.m */ = {isa = PBXFileReference; fileEncoding = 4; lastKnownFileType = sourcecode.c.objc; path = MJProperty.m; sourceTree = "<group>"; };
		FD4FED251D6EE2A10059FEA5 /* MJPropertyKey.h */ = {isa = PBXFileReference; fileEncoding = 4; lastKnownFileType = sourcecode.c.h; path = MJPropertyKey.h; sourceTree = "<group>"; };
		FD4FED261D6EE2A10059FEA5 /* MJPropertyKey.m */ = {isa = PBXFileReference; fileEncoding = 4; lastKnownFileType = sourcecode.c.objc; path = MJPropertyKey.m; sourceTree = "<group>"; };
		FD4FED271D6EE2A10059FEA5 /* MJPropertyType.h */ = {isa = PBXFileReference; fileEncoding = 4; lastKnownFileType = sourcecode.c.h; path = MJPropertyType.h; sourceTree = "<group>"; };
		FD4FED281D6EE2A10059FEA5 /* MJPropertyType.m */ = {isa = PBXFileReference; fileEncoding = 4; lastKnownFileType = sourcecode.c.objc; path = MJPropertyType.m; sourceTree = "<group>"; };
		FD4FED291D6EE2A10059FEA5 /* NSObject+MJClass.h */ = {isa = PBXFileReference; fileEncoding = 4; lastKnownFileType = sourcecode.c.h; path = "NSObject+MJClass.h"; sourceTree = "<group>"; };
		FD4FED2A1D6EE2A10059FEA5 /* NSObject+MJClass.m */ = {isa = PBXFileReference; fileEncoding = 4; lastKnownFileType = sourcecode.c.objc; path = "NSObject+MJClass.m"; sourceTree = "<group>"; };
		FD4FED2B1D6EE2A10059FEA5 /* NSObject+MJCoding.h */ = {isa = PBXFileReference; fileEncoding = 4; lastKnownFileType = sourcecode.c.h; path = "NSObject+MJCoding.h"; sourceTree = "<group>"; };
		FD4FED2C1D6EE2A10059FEA5 /* NSObject+MJCoding.m */ = {isa = PBXFileReference; fileEncoding = 4; lastKnownFileType = sourcecode.c.objc; path = "NSObject+MJCoding.m"; sourceTree = "<group>"; };
		FD4FED2D1D6EE2A10059FEA5 /* NSObject+MJKeyValue.h */ = {isa = PBXFileReference; fileEncoding = 4; lastKnownFileType = sourcecode.c.h; path = "NSObject+MJKeyValue.h"; sourceTree = "<group>"; };
		FD4FED2E1D6EE2A10059FEA5 /* NSObject+MJKeyValue.m */ = {isa = PBXFileReference; fileEncoding = 4; lastKnownFileType = sourcecode.c.objc; path = "NSObject+MJKeyValue.m"; sourceTree = "<group>"; };
		FD4FED2F1D6EE2A10059FEA5 /* NSObject+MJProperty.h */ = {isa = PBXFileReference; fileEncoding = 4; lastKnownFileType = sourcecode.c.h; path = "NSObject+MJProperty.h"; sourceTree = "<group>"; };
		FD4FED301D6EE2A10059FEA5 /* NSObject+MJProperty.m */ = {isa = PBXFileReference; fileEncoding = 4; lastKnownFileType = sourcecode.c.objc; path = "NSObject+MJProperty.m"; sourceTree = "<group>"; };
		FD4FED311D6EE2A10059FEA5 /* NSString+MJExtension.h */ = {isa = PBXFileReference; fileEncoding = 4; lastKnownFileType = sourcecode.c.h; path = "NSString+MJExtension.h"; sourceTree = "<group>"; };
		FD4FED321D6EE2A10059FEA5 /* NSString+MJExtension.m */ = {isa = PBXFileReference; fileEncoding = 4; lastKnownFileType = sourcecode.c.objc; path = "NSString+MJExtension.m"; sourceTree = "<group>"; };
		FD4FED401D6EE5D00059FEA5 /* region.json */ = {isa = PBXFileReference; fileEncoding = 4; lastKnownFileType = text.json; path = region.json; sourceTree = "<group>"; };
		FD4FED421D6EEC2E0059FEA5 /* DPRegionCollectionCell.h */ = {isa = PBXFileReference; fileEncoding = 4; lastKnownFileType = sourcecode.c.h; path = DPRegionCollectionCell.h; sourceTree = "<group>"; };
		FD4FED431D6EEC2E0059FEA5 /* DPRegionCollectionCell.m */ = {isa = PBXFileReference; fileEncoding = 4; lastKnownFileType = sourcecode.c.objc; path = DPRegionCollectionCell.m; sourceTree = "<group>"; };
		FD9D34181D6DD2280032ADE1 /* MyBilibili.app */ = {isa = PBXFileReference; explicitFileType = wrapper.application; includeInIndex = 0; path = MyBilibili.app; sourceTree = BUILT_PRODUCTS_DIR; };
		FD9D341C1D6DD2280032ADE1 /* main.m */ = {isa = PBXFileReference; lastKnownFileType = sourcecode.c.objc; name = main.m; path = ../../main.m; sourceTree = "<group>"; };
		FD9D341E1D6DD2280032ADE1 /* AppDelegate.h */ = {isa = PBXFileReference; lastKnownFileType = sourcecode.c.h; name = AppDelegate.h; path = ../../AppDelegate.h; sourceTree = "<group>"; };
		FD9D341F1D6DD2280032ADE1 /* AppDelegate.m */ = {isa = PBXFileReference; lastKnownFileType = sourcecode.c.objc; name = AppDelegate.m; path = ../../AppDelegate.m; sourceTree = "<group>"; };
		FD9D34281D6DD2280032ADE1 /* MyBilibili.xcdatamodel */ = {isa = PBXFileReference; lastKnownFileType = wrapper.xcdatamodel; path = MyBilibili.xcdatamodel; sourceTree = "<group>"; };
		FD9D342A1D6DD2280032ADE1 /* Assets.xcassets */ = {isa = PBXFileReference; lastKnownFileType = folder.assetcatalog; path = Assets.xcassets; sourceTree = "<group>"; };
		FD9D342F1D6DD2280032ADE1 /* Info.plist */ = {isa = PBXFileReference; lastKnownFileType = text.plist.xml; path = Info.plist; sourceTree = "<group>"; };
		FD9D34341D6DD2280032ADE1 /* MyBilibiliTests.xctest */ = {isa = PBXFileReference; explicitFileType = wrapper.cfbundle; includeInIndex = 0; path = MyBilibiliTests.xctest; sourceTree = BUILT_PRODUCTS_DIR; };
		FD9D34381D6DD2280032ADE1 /* MyBilibiliTests.m */ = {isa = PBXFileReference; lastKnownFileType = sourcecode.c.objc; path = MyBilibiliTests.m; sourceTree = "<group>"; };
		FD9D343A1D6DD2280032ADE1 /* Info.plist */ = {isa = PBXFileReference; lastKnownFileType = text.plist.xml; path = Info.plist; sourceTree = "<group>"; };
		FD9D343F1D6DD2280032ADE1 /* MyBilibiliUITests.xctest */ = {isa = PBXFileReference; explicitFileType = wrapper.cfbundle; includeInIndex = 0; path = MyBilibiliUITests.xctest; sourceTree = BUILT_PRODUCTS_DIR; };
		FD9D34431D6DD2280032ADE1 /* MyBilibiliUITests.m */ = {isa = PBXFileReference; lastKnownFileType = sourcecode.c.objc; path = MyBilibiliUITests.m; sourceTree = "<group>"; };
		FD9D34451D6DD2280032ADE1 /* Info.plist */ = {isa = PBXFileReference; lastKnownFileType = text.plist.xml; path = Info.plist; sourceTree = "<group>"; };
		FD9D34711D6DDDA80032ADE1 /* DPTabBarViewController.h */ = {isa = PBXFileReference; fileEncoding = 4; lastKnownFileType = sourcecode.c.h; path = DPTabBarViewController.h; sourceTree = "<group>"; };
		FD9D34721D6DDDA80032ADE1 /* DPTabBarViewController.m */ = {isa = PBXFileReference; fileEncoding = 4; lastKnownFileType = sourcecode.c.objc; path = DPTabBarViewController.m; sourceTree = "<group>"; };
		FD9D34741D6DE0780032ADE1 /* PrefixHeader.pch */ = {isa = PBXFileReference; lastKnownFileType = sourcecode.c.h; path = PrefixHeader.pch; sourceTree = "<group>"; };
		FD9D34B71D6DE7BF0032ADE1 /* DPMeViewController.h */ = {isa = PBXFileReference; fileEncoding = 4; lastKnownFileType = sourcecode.c.h; path = DPMeViewController.h; sourceTree = "<group>"; };
		FD9D34B81D6DE7BF0032ADE1 /* DPMeViewController.m */ = {isa = PBXFileReference; fileEncoding = 4; lastKnownFileType = sourcecode.c.objc; path = DPMeViewController.m; sourceTree = "<group>"; };
		FD9D34BA1D6DE7D20032ADE1 /* DPHomeViewController.h */ = {isa = PBXFileReference; fileEncoding = 4; lastKnownFileType = sourcecode.c.h; path = DPHomeViewController.h; sourceTree = "<group>"; };
		FD9D34BB1D6DE7D20032ADE1 /* DPHomeViewController.m */ = {isa = PBXFileReference; fileEncoding = 4; lastKnownFileType = sourcecode.c.objc; path = DPHomeViewController.m; sourceTree = "<group>"; };
		FD9D34BD1D6DE7F10032ADE1 /* DPFoundTableViewController.h */ = {isa = PBXFileReference; fileEncoding = 4; lastKnownFileType = sourcecode.c.h; path = DPFoundTableViewController.h; sourceTree = "<group>"; };
		FD9D34BE1D6DE7F10032ADE1 /* DPFoundTableViewController.m */ = {isa = PBXFileReference; fileEncoding = 4; lastKnownFileType = sourcecode.c.objc; path = DPFoundTableViewController.m; sourceTree = "<group>"; };
		FD9D34C11D6DE8080032ADE1 /* DPFocusTableViewController.h */ = {isa = PBXFileReference; fileEncoding = 4; lastKnownFileType = sourcecode.c.h; path = DPFocusTableViewController.h; sourceTree = "<group>"; };
		FD9D34C21D6DE8080032ADE1 /* DPFocusTableViewController.m */ = {isa = PBXFileReference; fileEncoding = 4; lastKnownFileType = sourcecode.c.objc; path = DPFocusTableViewController.m; sourceTree = "<group>"; };
		FD9D34C41D6DE96E0032ADE1 /* DPSubareaViewController.h */ = {isa = PBXFileReference; fileEncoding = 4; lastKnownFileType = sourcecode.c.h; path = DPSubareaViewController.h; sourceTree = "<group>"; };
		FD9D34C51D6DE96E0032ADE1 /* DPSubareaViewController.m */ = {isa = PBXFileReference; fileEncoding = 4; lastKnownFileType = sourcecode.c.objc; path = DPSubareaViewController.m; sourceTree = "<group>"; };
		FDC11BF41D71C9E00099B2EA /* DPHomeTitleView.h */ = {isa = PBXFileReference; fileEncoding = 4; lastKnownFileType = sourcecode.c.h; path = DPHomeTitleView.h; sourceTree = "<group>"; };
		FDC11BF51D71C9E00099B2EA /* DPHomeTitleView.m */ = {isa = PBXFileReference; fileEncoding = 4; lastKnownFileType = sourcecode.c.objc; path = DPHomeTitleView.m; sourceTree = "<group>"; };
		FDC11BF71D71D6130099B2EA /* DPHomeRecommendTableVC.h */ = {isa = PBXFileReference; fileEncoding = 4; lastKnownFileType = sourcecode.c.h; path = DPHomeRecommendTableVC.h; sourceTree = "<group>"; };
		FDC11BF81D71D6130099B2EA /* DPHomeRecommendTableVC.m */ = {isa = PBXFileReference; fileEncoding = 4; lastKnownFileType = sourcecode.c.objc; path = DPHomeRecommendTableVC.m; sourceTree = "<group>"; };
		FDC11BFA1D71D9440099B2EA /* DPHomeBanner.h */ = {isa = PBXFileReference; fileEncoding = 4; lastKnownFileType = sourcecode.c.h; path = DPHomeBanner.h; sourceTree = "<group>"; };
		FDC11BFB1D71D9440099B2EA /* DPHomeBanner.m */ = {isa = PBXFileReference; fileEncoding = 4; lastKnownFileType = sourcecode.c.objc; path = DPHomeBanner.m; sourceTree = "<group>"; };
		FDC11BFE1D71F2050099B2EA /* AFHTTPSessionManager.h */ = {isa = PBXFileReference; fileEncoding = 4; lastKnownFileType = sourcecode.c.h; path = AFHTTPSessionManager.h; sourceTree = "<group>"; };
		FDC11BFF1D71F2050099B2EA /* AFHTTPSessionManager.m */ = {isa = PBXFileReference; fileEncoding = 4; lastKnownFileType = sourcecode.c.objc; path = AFHTTPSessionManager.m; sourceTree = "<group>"; };
		FDC11C001D71F2050099B2EA /* AFNetworking.h */ = {isa = PBXFileReference; fileEncoding = 4; lastKnownFileType = sourcecode.c.h; path = AFNetworking.h; sourceTree = "<group>"; };
		FDC11C011D71F2050099B2EA /* AFNetworkReachabilityManager.h */ = {isa = PBXFileReference; fileEncoding = 4; lastKnownFileType = sourcecode.c.h; path = AFNetworkReachabilityManager.h; sourceTree = "<group>"; };
		FDC11C021D71F2050099B2EA /* AFNetworkReachabilityManager.m */ = {isa = PBXFileReference; fileEncoding = 4; lastKnownFileType = sourcecode.c.objc; path = AFNetworkReachabilityManager.m; sourceTree = "<group>"; };
		FDC11C031D71F2050099B2EA /* AFSecurityPolicy.h */ = {isa = PBXFileReference; fileEncoding = 4; lastKnownFileType = sourcecode.c.h; path = AFSecurityPolicy.h; sourceTree = "<group>"; };
		FDC11C041D71F2050099B2EA /* AFSecurityPolicy.m */ = {isa = PBXFileReference; fileEncoding = 4; lastKnownFileType = sourcecode.c.objc; path = AFSecurityPolicy.m; sourceTree = "<group>"; };
		FDC11C051D71F2050099B2EA /* AFURLRequestSerialization.h */ = {isa = PBXFileReference; fileEncoding = 4; lastKnownFileType = sourcecode.c.h; path = AFURLRequestSerialization.h; sourceTree = "<group>"; };
		FDC11C061D71F2050099B2EA /* AFURLRequestSerialization.m */ = {isa = PBXFileReference; fileEncoding = 4; lastKnownFileType = sourcecode.c.objc; path = AFURLRequestSerialization.m; sourceTree = "<group>"; };
		FDC11C071D71F2050099B2EA /* AFURLResponseSerialization.h */ = {isa = PBXFileReference; fileEncoding = 4; lastKnownFileType = sourcecode.c.h; path = AFURLResponseSerialization.h; sourceTree = "<group>"; };
		FDC11C081D71F2050099B2EA /* AFURLResponseSerialization.m */ = {isa = PBXFileReference; fileEncoding = 4; lastKnownFileType = sourcecode.c.objc; path = AFURLResponseSerialization.m; sourceTree = "<group>"; };
		FDC11C091D71F2050099B2EA /* AFURLSessionManager.h */ = {isa = PBXFileReference; fileEncoding = 4; lastKnownFileType = sourcecode.c.h; path = AFURLSessionManager.h; sourceTree = "<group>"; };
		FDC11C0A1D71F2050099B2EA /* AFURLSessionManager.m */ = {isa = PBXFileReference; fileEncoding = 4; lastKnownFileType = sourcecode.c.objc; path = AFURLSessionManager.m; sourceTree = "<group>"; };
		FDC11C121D71F4270099B2EA /* AFAutoPurgingImageCache.h */ = {isa = PBXFileReference; fileEncoding = 4; lastKnownFileType = sourcecode.c.h; path = AFAutoPurgingImageCache.h; sourceTree = "<group>"; };
		FDC11C131D71F4270099B2EA /* AFAutoPurgingImageCache.m */ = {isa = PBXFileReference; fileEncoding = 4; lastKnownFileType = sourcecode.c.objc; path = AFAutoPurgingImageCache.m; sourceTree = "<group>"; };
		FDC11C141D71F4270099B2EA /* AFImageDownloader.h */ = {isa = PBXFileReference; fileEncoding = 4; lastKnownFileType = sourcecode.c.h; path = AFImageDownloader.h; sourceTree = "<group>"; };
		FDC11C151D71F4270099B2EA /* AFImageDownloader.m */ = {isa = PBXFileReference; fileEncoding = 4; lastKnownFileType = sourcecode.c.objc; path = AFImageDownloader.m; sourceTree = "<group>"; };
		FDC11C161D71F4270099B2EA /* AFNetworkActivityIndicatorManager.h */ = {isa = PBXFileReference; fileEncoding = 4; lastKnownFileType = sourcecode.c.h; path = AFNetworkActivityIndicatorManager.h; sourceTree = "<group>"; };
		FDC11C171D71F4270099B2EA /* AFNetworkActivityIndicatorManager.m */ = {isa = PBXFileReference; fileEncoding = 4; lastKnownFileType = sourcecode.c.objc; path = AFNetworkActivityIndicatorManager.m; sourceTree = "<group>"; };
		FDC11C181D71F4270099B2EA /* UIActivityIndicatorView+AFNetworking.h */ = {isa = PBXFileReference; fileEncoding = 4; lastKnownFileType = sourcecode.c.h; path = "UIActivityIndicatorView+AFNetworking.h"; sourceTree = "<group>"; };
		FDC11C191D71F4270099B2EA /* UIActivityIndicatorView+AFNetworking.m */ = {isa = PBXFileReference; fileEncoding = 4; lastKnownFileType = sourcecode.c.objc; path = "UIActivityIndicatorView+AFNetworking.m"; sourceTree = "<group>"; };
		FDC11C1A1D71F4270099B2EA /* UIButton+AFNetworking.h */ = {isa = PBXFileReference; fileEncoding = 4; lastKnownFileType = sourcecode.c.h; path = "UIButton+AFNetworking.h"; sourceTree = "<group>"; };
		FDC11C1B1D71F4270099B2EA /* UIButton+AFNetworking.m */ = {isa = PBXFileReference; fileEncoding = 4; lastKnownFileType = sourcecode.c.objc; path = "UIButton+AFNetworking.m"; sourceTree = "<group>"; };
		FDC11C1C1D71F4270099B2EA /* UIImage+AFNetworking.h */ = {isa = PBXFileReference; fileEncoding = 4; lastKnownFileType = sourcecode.c.h; path = "UIImage+AFNetworking.h"; sourceTree = "<group>"; };
		FDC11C1D1D71F4270099B2EA /* UIImageView+AFNetworking.h */ = {isa = PBXFileReference; fileEncoding = 4; lastKnownFileType = sourcecode.c.h; path = "UIImageView+AFNetworking.h"; sourceTree = "<group>"; };
		FDC11C1E1D71F4270099B2EA /* UIImageView+AFNetworking.m */ = {isa = PBXFileReference; fileEncoding = 4; lastKnownFileType = sourcecode.c.objc; path = "UIImageView+AFNetworking.m"; sourceTree = "<group>"; };
		FDC11C1F1D71F4270099B2EA /* UIKit+AFNetworking.h */ = {isa = PBXFileReference; fileEncoding = 4; lastKnownFileType = sourcecode.c.h; path = "UIKit+AFNetworking.h"; sourceTree = "<group>"; };
		FDC11C201D71F4270099B2EA /* UIProgressView+AFNetworking.h */ = {isa = PBXFileReference; fileEncoding = 4; lastKnownFileType = sourcecode.c.h; path = "UIProgressView+AFNetworking.h"; sourceTree = "<group>"; };
		FDC11C211D71F4270099B2EA /* UIProgressView+AFNetworking.m */ = {isa = PBXFileReference; fileEncoding = 4; lastKnownFileType = sourcecode.c.objc; path = "UIProgressView+AFNetworking.m"; sourceTree = "<group>"; };
		FDC11C221D71F4270099B2EA /* UIRefreshControl+AFNetworking.h */ = {isa = PBXFileReference; fileEncoding = 4; lastKnownFileType = sourcecode.c.h; path = "UIRefreshControl+AFNetworking.h"; sourceTree = "<group>"; };
		FDC11C231D71F4270099B2EA /* UIRefreshControl+AFNetworking.m */ = {isa = PBXFileReference; fileEncoding = 4; lastKnownFileType = sourcecode.c.objc; path = "UIRefreshControl+AFNetworking.m"; sourceTree = "<group>"; };
		FDC11C241D71F4270099B2EA /* UIWebView+AFNetworking.h */ = {isa = PBXFileReference; fileEncoding = 4; lastKnownFileType = sourcecode.c.h; path = "UIWebView+AFNetworking.h"; sourceTree = "<group>"; };
		FDC11C251D71F4270099B2EA /* UIWebView+AFNetworking.m */ = {isa = PBXFileReference; fileEncoding = 4; lastKnownFileType = sourcecode.c.objc; path = "UIWebView+AFNetworking.m"; sourceTree = "<group>"; };
		FDC11C331D720F5C0099B2EA /* MKAnnotationView+WebCache.h */ = {isa = PBXFileReference; fileEncoding = 4; lastKnownFileType = sourcecode.c.h; path = "MKAnnotationView+WebCache.h"; sourceTree = "<group>"; };
		FDC11C341D720F5C0099B2EA /* MKAnnotationView+WebCache.m */ = {isa = PBXFileReference; fileEncoding = 4; lastKnownFileType = sourcecode.c.objc; path = "MKAnnotationView+WebCache.m"; sourceTree = "<group>"; };
		FDC11C351D720F5C0099B2EA /* NSData+ImageContentType.h */ = {isa = PBXFileReference; fileEncoding = 4; lastKnownFileType = sourcecode.c.h; path = "NSData+ImageContentType.h"; sourceTree = "<group>"; };
		FDC11C361D720F5C0099B2EA /* NSData+ImageContentType.m */ = {isa = PBXFileReference; fileEncoding = 4; lastKnownFileType = sourcecode.c.objc; path = "NSData+ImageContentType.m"; sourceTree = "<group>"; };
		FDC11C371D720F5C0099B2EA /* SDImageCache.h */ = {isa = PBXFileReference; fileEncoding = 4; lastKnownFileType = sourcecode.c.h; path = SDImageCache.h; sourceTree = "<group>"; };
		FDC11C381D720F5C0099B2EA /* SDImageCache.m */ = {isa = PBXFileReference; fileEncoding = 4; lastKnownFileType = sourcecode.c.objc; path = SDImageCache.m; sourceTree = "<group>"; };
		FDC11C391D720F5C0099B2EA /* SDWebImageCompat.h */ = {isa = PBXFileReference; fileEncoding = 4; lastKnownFileType = sourcecode.c.h; path = SDWebImageCompat.h; sourceTree = "<group>"; };
		FDC11C3A1D720F5C0099B2EA /* SDWebImageCompat.m */ = {isa = PBXFileReference; fileEncoding = 4; lastKnownFileType = sourcecode.c.objc; path = SDWebImageCompat.m; sourceTree = "<group>"; };
		FDC11C3B1D720F5C0099B2EA /* SDWebImageDecoder.h */ = {isa = PBXFileReference; fileEncoding = 4; lastKnownFileType = sourcecode.c.h; path = SDWebImageDecoder.h; sourceTree = "<group>"; };
		FDC11C3C1D720F5C0099B2EA /* SDWebImageDecoder.m */ = {isa = PBXFileReference; fileEncoding = 4; lastKnownFileType = sourcecode.c.objc; path = SDWebImageDecoder.m; sourceTree = "<group>"; };
		FDC11C3D1D720F5C0099B2EA /* SDWebImageDownloader.h */ = {isa = PBXFileReference; fileEncoding = 4; lastKnownFileType = sourcecode.c.h; path = SDWebImageDownloader.h; sourceTree = "<group>"; };
		FDC11C3E1D720F5C0099B2EA /* SDWebImageDownloader.m */ = {isa = PBXFileReference; fileEncoding = 4; lastKnownFileType = sourcecode.c.objc; path = SDWebImageDownloader.m; sourceTree = "<group>"; };
		FDC11C3F1D720F5C0099B2EA /* SDWebImageDownloaderOperation.h */ = {isa = PBXFileReference; fileEncoding = 4; lastKnownFileType = sourcecode.c.h; path = SDWebImageDownloaderOperation.h; sourceTree = "<group>"; };
		FDC11C401D720F5C0099B2EA /* SDWebImageDownloaderOperation.m */ = {isa = PBXFileReference; fileEncoding = 4; lastKnownFileType = sourcecode.c.objc; path = SDWebImageDownloaderOperation.m; sourceTree = "<group>"; };
		FDC11C411D720F5C0099B2EA /* SDWebImageManager.h */ = {isa = PBXFileReference; fileEncoding = 4; lastKnownFileType = sourcecode.c.h; path = SDWebImageManager.h; sourceTree = "<group>"; };
		FDC11C421D720F5C0099B2EA /* SDWebImageManager.m */ = {isa = PBXFileReference; fileEncoding = 4; lastKnownFileType = sourcecode.c.objc; path = SDWebImageManager.m; sourceTree = "<group>"; };
		FDC11C431D720F5C0099B2EA /* SDWebImageOperation.h */ = {isa = PBXFileReference; fileEncoding = 4; lastKnownFileType = sourcecode.c.h; path = SDWebImageOperation.h; sourceTree = "<group>"; };
		FDC11C441D720F5C0099B2EA /* SDWebImagePrefetcher.h */ = {isa = PBXFileReference; fileEncoding = 4; lastKnownFileType = sourcecode.c.h; path = SDWebImagePrefetcher.h; sourceTree = "<group>"; };
		FDC11C451D720F5C0099B2EA /* SDWebImagePrefetcher.m */ = {isa = PBXFileReference; fileEncoding = 4; lastKnownFileType = sourcecode.c.objc; path = SDWebImagePrefetcher.m; sourceTree = "<group>"; };
		FDC11C461D720F5C0099B2EA /* UIButton+WebCache.h */ = {isa = PBXFileReference; fileEncoding = 4; lastKnownFileType = sourcecode.c.h; path = "UIButton+WebCache.h"; sourceTree = "<group>"; };
		FDC11C471D720F5C0099B2EA /* UIButton+WebCache.m */ = {isa = PBXFileReference; fileEncoding = 4; lastKnownFileType = sourcecode.c.objc; path = "UIButton+WebCache.m"; sourceTree = "<group>"; };
		FDC11C481D720F5C0099B2EA /* UIImage+GIF.h */ = {isa = PBXFileReference; fileEncoding = 4; lastKnownFileType = sourcecode.c.h; path = "UIImage+GIF.h"; sourceTree = "<group>"; };
		FDC11C491D720F5C0099B2EA /* UIImage+GIF.m */ = {isa = PBXFileReference; fileEncoding = 4; lastKnownFileType = sourcecode.c.objc; path = "UIImage+GIF.m"; sourceTree = "<group>"; };
		FDC11C4A1D720F5C0099B2EA /* UIImage+MultiFormat.h */ = {isa = PBXFileReference; fileEncoding = 4; lastKnownFileType = sourcecode.c.h; path = "UIImage+MultiFormat.h"; sourceTree = "<group>"; };
		FDC11C4B1D720F5C0099B2EA /* UIImage+MultiFormat.m */ = {isa = PBXFileReference; fileEncoding = 4; lastKnownFileType = sourcecode.c.objc; path = "UIImage+MultiFormat.m"; sourceTree = "<group>"; };
		FDC11C4C1D720F5C0099B2EA /* UIImage+WebP.h */ = {isa = PBXFileReference; fileEncoding = 4; lastKnownFileType = sourcecode.c.h; path = "UIImage+WebP.h"; sourceTree = "<group>"; };
		FDC11C4D1D720F5C0099B2EA /* UIImage+WebP.m */ = {isa = PBXFileReference; fileEncoding = 4; lastKnownFileType = sourcecode.c.objc; path = "UIImage+WebP.m"; sourceTree = "<group>"; };
		FDC11C4E1D720F5C0099B2EA /* UIImageView+HighlightedWebCache.h */ = {isa = PBXFileReference; fileEncoding = 4; lastKnownFileType = sourcecode.c.h; path = "UIImageView+HighlightedWebCache.h"; sourceTree = "<group>"; };
		FDC11C4F1D720F5C0099B2EA /* UIImageView+HighlightedWebCache.m */ = {isa = PBXFileReference; fileEncoding = 4; lastKnownFileType = sourcecode.c.objc; path = "UIImageView+HighlightedWebCache.m"; sourceTree = "<group>"; };
		FDC11C501D720F5C0099B2EA /* UIImageView+WebCache.h */ = {isa = PBXFileReference; fileEncoding = 4; lastKnownFileType = sourcecode.c.h; path = "UIImageView+WebCache.h"; sourceTree = "<group>"; };
		FDC11C511D720F5C0099B2EA /* UIImageView+WebCache.m */ = {isa = PBXFileReference; fileEncoding = 4; lastKnownFileType = sourcecode.c.objc; path = "UIImageView+WebCache.m"; sourceTree = "<group>"; };
		FDC11C521D720F5C0099B2EA /* UIView+WebCacheOperation.h */ = {isa = PBXFileReference; fileEncoding = 4; lastKnownFileType = sourcecode.c.h; path = "UIView+WebCacheOperation.h"; sourceTree = "<group>"; };
		FDC11C531D720F5C0099B2EA /* UIView+WebCacheOperation.m */ = {isa = PBXFileReference; fileEncoding = 4; lastKnownFileType = sourcecode.c.objc; path = "UIView+WebCacheOperation.m"; sourceTree = "<group>"; };
		FDC11C6A1D72B9DF0099B2EA /* DPHomeHeadView.h */ = {isa = PBXFileReference; fileEncoding = 4; lastKnownFileType = sourcecode.c.h; path = DPHomeHeadView.h; sourceTree = "<group>"; };
		FDC11C6B1D72B9DF0099B2EA /* DPHomeHeadView.m */ = {isa = PBXFileReference; fileEncoding = 4; lastKnownFileType = sourcecode.c.objc; path = DPHomeHeadView.m; sourceTree = "<group>"; };
		FDCB6E481D6FE1FE004338A2 /* DPMeHeadButton.h */ = {isa = PBXFileReference; fileEncoding = 4; lastKnownFileType = sourcecode.c.h; path = DPMeHeadButton.h; sourceTree = "<group>"; };
		FDCB6E491D6FE1FE004338A2 /* DPMeHeadButton.m */ = {isa = PBXFileReference; fileEncoding = 4; lastKnownFileType = sourcecode.c.objc; path = DPMeHeadButton.m; sourceTree = "<group>"; };
		FDCB6E4B1D6FE421004338A2 /* DPMeHomeTabVC.h */ = {isa = PBXFileReference; fileEncoding = 4; lastKnownFileType = sourcecode.c.h; path = DPMeHomeTabVC.h; sourceTree = "<group>"; };
		FDCB6E4C1D6FE421004338A2 /* DPMeHomeTabVC.m */ = {isa = PBXFileReference; fileEncoding = 4; lastKnownFileType = sourcecode.c.objc; path = DPMeHomeTabVC.m; sourceTree = "<group>"; };
		FDCB6E4E1D6FED5C004338A2 /* DPMeTableViewCell.h */ = {isa = PBXFileReference; fileEncoding = 4; lastKnownFileType = sourcecode.c.h; path = DPMeTableViewCell.h; sourceTree = "<group>"; };
		FDCB6E4F1D6FED5C004338A2 /* DPMeTableViewCell.m */ = {isa = PBXFileReference; fileEncoding = 4; lastKnownFileType = sourcecode.c.objc; path = DPMeTableViewCell.m; sourceTree = "<group>"; };
		FDCB6E511D6FF692004338A2 /* DPItem.h */ = {isa = PBXFileReference; fileEncoding = 4; lastKnownFileType = sourcecode.c.h; path = DPItem.h; sourceTree = "<group>"; };
		FDCB6E521D6FF692004338A2 /* DPItem.m */ = {isa = PBXFileReference; fileEncoding = 4; lastKnownFileType = sourcecode.c.objc; path = DPItem.m; sourceTree = "<group>"; };
		FDCB6E561D6FFFEF004338A2 /* DPGroupItem.h */ = {isa = PBXFileReference; fileEncoding = 4; lastKnownFileType = sourcecode.c.h; path = DPGroupItem.h; sourceTree = "<group>"; };
		FDCB6E571D6FFFEF004338A2 /* DPGroupItem.m */ = {isa = PBXFileReference; fileEncoding = 4; lastKnownFileType = sourcecode.c.objc; path = DPGroupItem.m; sourceTree = "<group>"; };
		FDD502AD1D6DEC170014EED3 /* DPNavigationController.h */ = {isa = PBXFileReference; fileEncoding = 4; lastKnownFileType = sourcecode.c.h; path = DPNavigationController.h; sourceTree = "<group>"; };
		FDD502AE1D6DEC170014EED3 /* DPNavigationController.m */ = {isa = PBXFileReference; fileEncoding = 4; lastKnownFileType = sourcecode.c.objc; path = DPNavigationController.m; sourceTree = "<group>"; };
		FDD9C6221D731EB80065D9C6 /* DPHomeStatus.h */ = {isa = PBXFileReference; fileEncoding = 4; lastKnownFileType = sourcecode.c.h; path = DPHomeStatus.h; sourceTree = "<group>"; };
		FDD9C6231D731EB80065D9C6 /* DPHomeStatus.m */ = {isa = PBXFileReference; fileEncoding = 4; lastKnownFileType = sourcecode.c.objc; path = DPHomeStatus.m; sourceTree = "<group>"; };
/* End PBXFileReference section */

/* Begin PBXFrameworksBuildPhase section */
		FD9D34151D6DD2280032ADE1 /* Frameworks */ = {
			isa = PBXFrameworksBuildPhase;
			buildActionMask = 2147483647;
			files = (
			);
			runOnlyForDeploymentPostprocessing = 0;
		};
		FD9D34311D6DD2280032ADE1 /* Frameworks */ = {
			isa = PBXFrameworksBuildPhase;
			buildActionMask = 2147483647;
			files = (
			);
			runOnlyForDeploymentPostprocessing = 0;
		};
		FD9D343C1D6DD2280032ADE1 /* Frameworks */ = {
			isa = PBXFrameworksBuildPhase;
			buildActionMask = 2147483647;
			files = (
			);
			runOnlyForDeploymentPostprocessing = 0;
		};
/* End PBXFrameworksBuildPhase section */

/* Begin PBXGroup section */
		FD4FED101D6E9A160059FEA5 /* Category */ = {
			isa = PBXGroup;
			children = (
				FD4FED151D6E9AB90059FEA5 /* UIView+Extension.h */,
				FD4FED161D6E9AB90059FEA5 /* UIView+Extension.m */,
			);
			path = Category;
			sourceTree = "<group>";
		};
		FD4FED1B1D6EE2800059FEA5 /* lib */ = {
			isa = PBXGroup;
			children = (
				FDC11C321D720F5C0099B2EA /* SDWebImage */,
				FDC11C111D71F4270099B2EA /* UIKit+AFNetworking */,
				FDC11BFD1D71F2050099B2EA /* AFNetworking */,
				FD4FED1C1D6EE2A10059FEA5 /* MJExtension */,
			);
			path = lib;
			sourceTree = "<group>";
		};
		FD4FED1C1D6EE2A10059FEA5 /* MJExtension */ = {
			isa = PBXGroup;
			children = (
				FD4FED1D1D6EE2A10059FEA5 /* Info.plist */,
				FD4FED1E1D6EE2A10059FEA5 /* MJExtension.h */,
				FD4FED1F1D6EE2A10059FEA5 /* MJExtensionConst.h */,
				FD4FED201D6EE2A10059FEA5 /* MJExtensionConst.m */,
				FD4FED211D6EE2A10059FEA5 /* MJFoundation.h */,
				FD4FED221D6EE2A10059FEA5 /* MJFoundation.m */,
				FD4FED231D6EE2A10059FEA5 /* MJProperty.h */,
				FD4FED241D6EE2A10059FEA5 /* MJProperty.m */,
				FD4FED251D6EE2A10059FEA5 /* MJPropertyKey.h */,
				FD4FED261D6EE2A10059FEA5 /* MJPropertyKey.m */,
				FD4FED271D6EE2A10059FEA5 /* MJPropertyType.h */,
				FD4FED281D6EE2A10059FEA5 /* MJPropertyType.m */,
				FD4FED291D6EE2A10059FEA5 /* NSObject+MJClass.h */,
				FD4FED2A1D6EE2A10059FEA5 /* NSObject+MJClass.m */,
				FD4FED2B1D6EE2A10059FEA5 /* NSObject+MJCoding.h */,
				FD4FED2C1D6EE2A10059FEA5 /* NSObject+MJCoding.m */,
				FD4FED2D1D6EE2A10059FEA5 /* NSObject+MJKeyValue.h */,
				FD4FED2E1D6EE2A10059FEA5 /* NSObject+MJKeyValue.m */,
				FD4FED2F1D6EE2A10059FEA5 /* NSObject+MJProperty.h */,
				FD4FED301D6EE2A10059FEA5 /* NSObject+MJProperty.m */,
				FD4FED311D6EE2A10059FEA5 /* NSString+MJExtension.h */,
				FD4FED321D6EE2A10059FEA5 /* NSString+MJExtension.m */,
			);
			path = MJExtension;
			sourceTree = "<group>";
		};
		FD9D340F1D6DD2280032ADE1 = {
			isa = PBXGroup;
			children = (
				FD9D341A1D6DD2280032ADE1 /* MyBilibili */,
				FD9D34371D6DD2280032ADE1 /* MyBilibiliTests */,
				FD9D34421D6DD2280032ADE1 /* MyBilibiliUITests */,
				FD9D34191D6DD2280032ADE1 /* Products */,
			);
			sourceTree = "<group>";
		};
		FD9D34191D6DD2280032ADE1 /* Products */ = {
			isa = PBXGroup;
			children = (
				FD9D34181D6DD2280032ADE1 /* MyBilibili.app */,
				FD9D34341D6DD2280032ADE1 /* MyBilibiliTests.xctest */,
				FD9D343F1D6DD2280032ADE1 /* MyBilibiliUITests.xctest */,
			);
			name = Products;
			sourceTree = "<group>";
		};
		FD9D341A1D6DD2280032ADE1 /* MyBilibili */ = {
			isa = PBXGroup;
			children = (
				FD9D34511D6DD2CC0032ADE1 /* Classes */,
				FD9D341B1D6DD2280032ADE1 /* Supporting Files */,
			);
			path = MyBilibili;
			sourceTree = "<group>";
		};
		FD9D341B1D6DD2280032ADE1 /* Supporting Files */ = {
			isa = PBXGroup;
			children = (
				FD9D342A1D6DD2280032ADE1 /* Assets.xcassets */,
				FD9D342F1D6DD2280032ADE1 /* Info.plist */,
				FD9D34271D6DD2280032ADE1 /* MyBilibili.xcdatamodeld */,
				FD9D34741D6DE0780032ADE1 /* PrefixHeader.pch */,
				FD4FED401D6EE5D00059FEA5 /* region.json */,
			);
			name = "Supporting Files";
			sourceTree = "<group>";
		};
		FD9D34371D6DD2280032ADE1 /* MyBilibiliTests */ = {
			isa = PBXGroup;
			children = (
				FD9D34381D6DD2280032ADE1 /* MyBilibiliTests.m */,
				FD9D343A1D6DD2280032ADE1 /* Info.plist */,
			);
			path = MyBilibiliTests;
			sourceTree = "<group>";
		};
		FD9D34421D6DD2280032ADE1 /* MyBilibiliUITests */ = {
			isa = PBXGroup;
			children = (
				FD9D34431D6DD2280032ADE1 /* MyBilibiliUITests.m */,
				FD9D34451D6DD2280032ADE1 /* Info.plist */,
			);
			path = MyBilibiliUITests;
			sourceTree = "<group>";
		};
		FD9D34511D6DD2CC0032ADE1 /* Classes */ = {
			isa = PBXGroup;
			children = (
				FD9D345E1D6DD2CC0032ADE1 /* Main */,
				FD9D34521D6DD2CC0032ADE1 /* Focus */,
				FD9D34561D6DD2CC0032ADE1 /* Found */,
				FD9D345A1D6DD2CC0032ADE1 /* Home */,
				FD9D34621D6DD2CC0032ADE1 /* Me */,
				FD9D346A1D6DD2CC0032ADE1 /* Subarea */,
				FD9D34661D6DD2CC0032ADE1 /* Other */,
			);
			path = Classes;
			sourceTree = "<group>";
		};
		FD9D34521D6DD2CC0032ADE1 /* Focus */ = {
			isa = PBXGroup;
			children = (
				FD9D34531D6DD2CC0032ADE1 /* Controller */,
				FD9D34541D6DD2CC0032ADE1 /* Model */,
				FD9D34551D6DD2CC0032ADE1 /* View */,
			);
			path = Focus;
			sourceTree = "<group>";
		};
		FD9D34531D6DD2CC0032ADE1 /* Controller */ = {
			isa = PBXGroup;
			children = (
				FD9D34C11D6DE8080032ADE1 /* DPFocusTableViewController.h */,
				FD9D34C21D6DE8080032ADE1 /* DPFocusTableViewController.m */,
			);
			path = Controller;
			sourceTree = "<group>";
		};
		FD9D34541D6DD2CC0032ADE1 /* Model */ = {
			isa = PBXGroup;
			children = (
			);
			path = Model;
			sourceTree = "<group>";
		};
		FD9D34551D6DD2CC0032ADE1 /* View */ = {
			isa = PBXGroup;
			children = (
			);
			path = View;
			sourceTree = "<group>";
		};
		FD9D34561D6DD2CC0032ADE1 /* Found */ = {
			isa = PBXGroup;
			children = (
				FD9D34571D6DD2CC0032ADE1 /* Controller */,
				FD9D34581D6DD2CC0032ADE1 /* Model */,
				FD9D34591D6DD2CC0032ADE1 /* View */,
			);
			path = Found;
			sourceTree = "<group>";
		};
		FD9D34571D6DD2CC0032ADE1 /* Controller */ = {
			isa = PBXGroup;
			children = (
				FD9D34BD1D6DE7F10032ADE1 /* DPFoundTableViewController.h */,
				FD9D34BE1D6DE7F10032ADE1 /* DPFoundTableViewController.m */,
			);
			path = Controller;
			sourceTree = "<group>";
		};
		FD9D34581D6DD2CC0032ADE1 /* Model */ = {
			isa = PBXGroup;
			children = (
			);
			path = Model;
			sourceTree = "<group>";
		};
		FD9D34591D6DD2CC0032ADE1 /* View */ = {
			isa = PBXGroup;
			children = (
			);
			path = View;
			sourceTree = "<group>";
		};
		FD9D345A1D6DD2CC0032ADE1 /* Home */ = {
			isa = PBXGroup;
			children = (
				FD9D345B1D6DD2CC0032ADE1 /* Controller */,
				FD9D345C1D6DD2CC0032ADE1 /* Model */,
				FD9D345D1D6DD2CC0032ADE1 /* View */,
			);
			path = Home;
			sourceTree = "<group>";
		};
		FD9D345B1D6DD2CC0032ADE1 /* Controller */ = {
			isa = PBXGroup;
			children = (
				FD9D34BA1D6DE7D20032ADE1 /* DPHomeViewController.h */,
				FD9D34BB1D6DE7D20032ADE1 /* DPHomeViewController.m */,
				FDC11BF71D71D6130099B2EA /* DPHomeRecommendTableVC.h */,
				FDC11BF81D71D6130099B2EA /* DPHomeRecommendTableVC.m */,
			);
			path = Controller;
			sourceTree = "<group>";
		};
		FD9D345C1D6DD2CC0032ADE1 /* Model */ = {
			isa = PBXGroup;
			children = (
				FDC11BFA1D71D9440099B2EA /* DPHomeBanner.h */,
				FDC11BFB1D71D9440099B2EA /* DPHomeBanner.m */,
				FDD9C6221D731EB80065D9C6 /* DPHomeStatus.h */,
				FDD9C6231D731EB80065D9C6 /* DPHomeStatus.m */,
			);
			path = Model;
			sourceTree = "<group>";
		};
		FD9D345D1D6DD2CC0032ADE1 /* View */ = {
			isa = PBXGroup;
			children = (
				FDC11BF41D71C9E00099B2EA /* DPHomeTitleView.h */,
				FDC11BF51D71C9E00099B2EA /* DPHomeTitleView.m */,
				FDC11C6A1D72B9DF0099B2EA /* DPHomeHeadView.h */,
				FDC11C6B1D72B9DF0099B2EA /* DPHomeHeadView.m */,
			);
			path = View;
			sourceTree = "<group>";
		};
		FD9D345E1D6DD2CC0032ADE1 /* Main */ = {
			isa = PBXGroup;
			children = (
				FD4FED1B1D6EE2800059FEA5 /* lib */,
				FD4FED101D6E9A160059FEA5 /* Category */,
				FD9D341E1D6DD2280032ADE1 /* AppDelegate.h */,
				FD9D341F1D6DD2280032ADE1 /* AppDelegate.m */,
				FD9D341C1D6DD2280032ADE1 /* main.m */,
				FD9D34701D6DDD7B0032ADE1 /* Controller */,
				FD9D34601D6DD2CC0032ADE1 /* Model */,
				FD9D34611D6DD2CC0032ADE1 /* View */,
			);
			path = Main;
			sourceTree = "<group>";
		};
		FD9D34601D6DD2CC0032ADE1 /* Model */ = {
			isa = PBXGroup;
			children = (
			);
			path = Model;
			sourceTree = "<group>";
		};
		FD9D34611D6DD2CC0032ADE1 /* View */ = {
			isa = PBXGroup;
			children = (
			);
			path = View;
			sourceTree = "<group>";
		};
		FD9D34621D6DD2CC0032ADE1 /* Me */ = {
			isa = PBXGroup;
			children = (
				FD9D34631D6DD2CC0032ADE1 /* Controller */,
				FD9D34641D6DD2CC0032ADE1 /* Model */,
				FD9D34651D6DD2CC0032ADE1 /* View */,
			);
			path = Me;
			sourceTree = "<group>";
		};
		FD9D34631D6DD2CC0032ADE1 /* Controller */ = {
			isa = PBXGroup;
			children = (
				FD9D34B71D6DE7BF0032ADE1 /* DPMeViewController.h */,
				FD9D34B81D6DE7BF0032ADE1 /* DPMeViewController.m */,
				FDCB6E4B1D6FE421004338A2 /* DPMeHomeTabVC.h */,
				FDCB6E4C1D6FE421004338A2 /* DPMeHomeTabVC.m */,
			);
			path = Controller;
			sourceTree = "<group>";
		};
		FD9D34641D6DD2CC0032ADE1 /* Model */ = {
			isa = PBXGroup;
			children = (
				FDCB6E511D6FF692004338A2 /* DPItem.h */,
				FDCB6E521D6FF692004338A2 /* DPItem.m */,
				FDCB6E561D6FFFEF004338A2 /* DPGroupItem.h */,
				FDCB6E571D6FFFEF004338A2 /* DPGroupItem.m */,
			);
			path = Model;
			sourceTree = "<group>";
		};
		FD9D34651D6DD2CC0032ADE1 /* View */ = {
			isa = PBXGroup;
			children = (
				FD4FED0D1D6E96180059FEA5 /* DPMeHeaderView.h */,
				FD4FED0E1D6E96180059FEA5 /* DPMeHeaderView.m */,
				FDCB6E481D6FE1FE004338A2 /* DPMeHeadButton.h */,
				FDCB6E491D6FE1FE004338A2 /* DPMeHeadButton.m */,
				FDCB6E4E1D6FED5C004338A2 /* DPMeTableViewCell.h */,
				FDCB6E4F1D6FED5C004338A2 /* DPMeTableViewCell.m */,
			);
			path = View;
			sourceTree = "<group>";
		};
		FD9D34661D6DD2CC0032ADE1 /* Other */ = {
			isa = PBXGroup;
			children = (
				FD9D34671D6DD2CC0032ADE1 /* Controller */,
				FD9D34681D6DD2CC0032ADE1 /* Model */,
				FD9D34691D6DD2CC0032ADE1 /* View */,
			);
			path = Other;
			sourceTree = "<group>";
		};
		FD9D34671D6DD2CC0032ADE1 /* Controller */ = {
			isa = PBXGroup;
			children = (
			);
			path = Controller;
			sourceTree = "<group>";
		};
		FD9D34681D6DD2CC0032ADE1 /* Model */ = {
			isa = PBXGroup;
			children = (
			);
			path = Model;
			sourceTree = "<group>";
		};
		FD9D34691D6DD2CC0032ADE1 /* View */ = {
			isa = PBXGroup;
			children = (
			);
			path = View;
			sourceTree = "<group>";
		};
		FD9D346A1D6DD2CC0032ADE1 /* Subarea */ = {
			isa = PBXGroup;
			children = (
				FD9D346B1D6DD2CC0032ADE1 /* Controller */,
				FD9D346C1D6DD2CC0032ADE1 /* Model */,
				FD9D346D1D6DD2CC0032ADE1 /* View */,
			);
			path = Subarea;
			sourceTree = "<group>";
		};
		FD9D346B1D6DD2CC0032ADE1 /* Controller */ = {
			isa = PBXGroup;
			children = (
				FD9D34C41D6DE96E0032ADE1 /* DPSubareaViewController.h */,
				FD9D34C51D6DE96E0032ADE1 /* DPSubareaViewController.m */,
			);
			path = Controller;
			sourceTree = "<group>";
		};
		FD9D346C1D6DD2CC0032ADE1 /* Model */ = {
			isa = PBXGroup;
			children = (
				FD4FED181D6EE1920059FEA5 /* DPRegion.h */,
				FD4FED191D6EE1920059FEA5 /* DPRegion.m */,
			);
			path = Model;
			sourceTree = "<group>";
		};
		FD9D346D1D6DD2CC0032ADE1 /* View */ = {
			isa = PBXGroup;
			children = (
				FD4FED421D6EEC2E0059FEA5 /* DPRegionCollectionCell.h */,
				FD4FED431D6EEC2E0059FEA5 /* DPRegionCollectionCell.m */,
			);
			path = View;
			sourceTree = "<group>";
		};
		FD9D34701D6DDD7B0032ADE1 /* Controller */ = {
			isa = PBXGroup;
			children = (
				FD9D34711D6DDDA80032ADE1 /* DPTabBarViewController.h */,
				FD9D34721D6DDDA80032ADE1 /* DPTabBarViewController.m */,
				FDD502AD1D6DEC170014EED3 /* DPNavigationController.h */,
				FDD502AE1D6DEC170014EED3 /* DPNavigationController.m */,
			);
			path = Controller;
			sourceTree = "<group>";
		};
		FDC11BFD1D71F2050099B2EA /* AFNetworking */ = {
			isa = PBXGroup;
			children = (
				FDC11BFE1D71F2050099B2EA /* AFHTTPSessionManager.h */,
				FDC11BFF1D71F2050099B2EA /* AFHTTPSessionManager.m */,
				FDC11C001D71F2050099B2EA /* AFNetworking.h */,
				FDC11C011D71F2050099B2EA /* AFNetworkReachabilityManager.h */,
				FDC11C021D71F2050099B2EA /* AFNetworkReachabilityManager.m */,
				FDC11C031D71F2050099B2EA /* AFSecurityPolicy.h */,
				FDC11C041D71F2050099B2EA /* AFSecurityPolicy.m */,
				FDC11C051D71F2050099B2EA /* AFURLRequestSerialization.h */,
				FDC11C061D71F2050099B2EA /* AFURLRequestSerialization.m */,
				FDC11C071D71F2050099B2EA /* AFURLResponseSerialization.h */,
				FDC11C081D71F2050099B2EA /* AFURLResponseSerialization.m */,
				FDC11C091D71F2050099B2EA /* AFURLSessionManager.h */,
				FDC11C0A1D71F2050099B2EA /* AFURLSessionManager.m */,
			);
			path = AFNetworking;
			sourceTree = "<group>";
		};
		FDC11C111D71F4270099B2EA /* UIKit+AFNetworking */ = {
			isa = PBXGroup;
			children = (
				FDC11C121D71F4270099B2EA /* AFAutoPurgingImageCache.h */,
				FDC11C131D71F4270099B2EA /* AFAutoPurgingImageCache.m */,
				FDC11C141D71F4270099B2EA /* AFImageDownloader.h */,
				FDC11C151D71F4270099B2EA /* AFImageDownloader.m */,
				FDC11C161D71F4270099B2EA /* AFNetworkActivityIndicatorManager.h */,
				FDC11C171D71F4270099B2EA /* AFNetworkActivityIndicatorManager.m */,
				FDC11C181D71F4270099B2EA /* UIActivityIndicatorView+AFNetworking.h */,
				FDC11C191D71F4270099B2EA /* UIActivityIndicatorView+AFNetworking.m */,
				FDC11C1A1D71F4270099B2EA /* UIButton+AFNetworking.h */,
				FDC11C1B1D71F4270099B2EA /* UIButton+AFNetworking.m */,
				FDC11C1C1D71F4270099B2EA /* UIImage+AFNetworking.h */,
				FDC11C1D1D71F4270099B2EA /* UIImageView+AFNetworking.h */,
				FDC11C1E1D71F4270099B2EA /* UIImageView+AFNetworking.m */,
				FDC11C1F1D71F4270099B2EA /* UIKit+AFNetworking.h */,
				FDC11C201D71F4270099B2EA /* UIProgressView+AFNetworking.h */,
				FDC11C211D71F4270099B2EA /* UIProgressView+AFNetworking.m */,
				FDC11C221D71F4270099B2EA /* UIRefreshControl+AFNetworking.h */,
				FDC11C231D71F4270099B2EA /* UIRefreshControl+AFNetworking.m */,
				FDC11C241D71F4270099B2EA /* UIWebView+AFNetworking.h */,
				FDC11C251D71F4270099B2EA /* UIWebView+AFNetworking.m */,
			);
			name = "UIKit+AFNetworking";
			path = "../UIKit+AFNetworking";
			sourceTree = "<group>";
		};
		FDC11C321D720F5C0099B2EA /* SDWebImage */ = {
			isa = PBXGroup;
			children = (
				FDC11C331D720F5C0099B2EA /* MKAnnotationView+WebCache.h */,
				FDC11C341D720F5C0099B2EA /* MKAnnotationView+WebCache.m */,
				FDC11C351D720F5C0099B2EA /* NSData+ImageContentType.h */,
				FDC11C361D720F5C0099B2EA /* NSData+ImageContentType.m */,
				FDC11C371D720F5C0099B2EA /* SDImageCache.h */,
				FDC11C381D720F5C0099B2EA /* SDImageCache.m */,
				FDC11C391D720F5C0099B2EA /* SDWebImageCompat.h */,
				FDC11C3A1D720F5C0099B2EA /* SDWebImageCompat.m */,
				FDC11C3B1D720F5C0099B2EA /* SDWebImageDecoder.h */,
				FDC11C3C1D720F5C0099B2EA /* SDWebImageDecoder.m */,
				FDC11C3D1D720F5C0099B2EA /* SDWebImageDownloader.h */,
				FDC11C3E1D720F5C0099B2EA /* SDWebImageDownloader.m */,
				FDC11C3F1D720F5C0099B2EA /* SDWebImageDownloaderOperation.h */,
				FDC11C401D720F5C0099B2EA /* SDWebImageDownloaderOperation.m */,
				FDC11C411D720F5C0099B2EA /* SDWebImageManager.h */,
				FDC11C421D720F5C0099B2EA /* SDWebImageManager.m */,
				FDC11C431D720F5C0099B2EA /* SDWebImageOperation.h */,
				FDC11C441D720F5C0099B2EA /* SDWebImagePrefetcher.h */,
				FDC11C451D720F5C0099B2EA /* SDWebImagePrefetcher.m */,
				FDC11C461D720F5C0099B2EA /* UIButton+WebCache.h */,
				FDC11C471D720F5C0099B2EA /* UIButton+WebCache.m */,
				FDC11C481D720F5C0099B2EA /* UIImage+GIF.h */,
				FDC11C491D720F5C0099B2EA /* UIImage+GIF.m */,
				FDC11C4A1D720F5C0099B2EA /* UIImage+MultiFormat.h */,
				FDC11C4B1D720F5C0099B2EA /* UIImage+MultiFormat.m */,
				FDC11C4C1D720F5C0099B2EA /* UIImage+WebP.h */,
				FDC11C4D1D720F5C0099B2EA /* UIImage+WebP.m */,
				FDC11C4E1D720F5C0099B2EA /* UIImageView+HighlightedWebCache.h */,
				FDC11C4F1D720F5C0099B2EA /* UIImageView+HighlightedWebCache.m */,
				FDC11C501D720F5C0099B2EA /* UIImageView+WebCache.h */,
				FDC11C511D720F5C0099B2EA /* UIImageView+WebCache.m */,
				FDC11C521D720F5C0099B2EA /* UIView+WebCacheOperation.h */,
				FDC11C531D720F5C0099B2EA /* UIView+WebCacheOperation.m */,
			);
			path = SDWebImage;
			sourceTree = "<group>";
		};
/* End PBXGroup section */

/* Begin PBXNativeTarget section */
		FD9D34171D6DD2280032ADE1 /* MyBilibili */ = {
			isa = PBXNativeTarget;
			buildConfigurationList = FD9D34481D6DD2280032ADE1 /* Build configuration list for PBXNativeTarget "MyBilibili" */;
			buildPhases = (
				FD9D34141D6DD2280032ADE1 /* Sources */,
				FD9D34151D6DD2280032ADE1 /* Frameworks */,
				FD9D34161D6DD2280032ADE1 /* Resources */,
			);
			buildRules = (
			);
			dependencies = (
			);
			name = MyBilibili;
			productName = MyBilibili;
			productReference = FD9D34181D6DD2280032ADE1 /* MyBilibili.app */;
			productType = "com.apple.product-type.application";
		};
		FD9D34331D6DD2280032ADE1 /* MyBilibiliTests */ = {
			isa = PBXNativeTarget;
			buildConfigurationList = FD9D344B1D6DD2280032ADE1 /* Build configuration list for PBXNativeTarget "MyBilibiliTests" */;
			buildPhases = (
				FD9D34301D6DD2280032ADE1 /* Sources */,
				FD9D34311D6DD2280032ADE1 /* Frameworks */,
				FD9D34321D6DD2280032ADE1 /* Resources */,
			);
			buildRules = (
			);
			dependencies = (
				FD9D34361D6DD2280032ADE1 /* PBXTargetDependency */,
			);
			name = MyBilibiliTests;
			productName = MyBilibiliTests;
			productReference = FD9D34341D6DD2280032ADE1 /* MyBilibiliTests.xctest */;
			productType = "com.apple.product-type.bundle.unit-test";
		};
		FD9D343E1D6DD2280032ADE1 /* MyBilibiliUITests */ = {
			isa = PBXNativeTarget;
			buildConfigurationList = FD9D344E1D6DD2280032ADE1 /* Build configuration list for PBXNativeTarget "MyBilibiliUITests" */;
			buildPhases = (
				FD9D343B1D6DD2280032ADE1 /* Sources */,
				FD9D343C1D6DD2280032ADE1 /* Frameworks */,
				FD9D343D1D6DD2280032ADE1 /* Resources */,
			);
			buildRules = (
			);
			dependencies = (
				FD9D34411D6DD2280032ADE1 /* PBXTargetDependency */,
			);
			name = MyBilibiliUITests;
			productName = MyBilibiliUITests;
			productReference = FD9D343F1D6DD2280032ADE1 /* MyBilibiliUITests.xctest */;
			productType = "com.apple.product-type.bundle.ui-testing";
		};
/* End PBXNativeTarget section */

/* Begin PBXProject section */
		FD9D34101D6DD2280032ADE1 /* Project object */ = {
			isa = PBXProject;
			attributes = {
				CLASSPREFIX = DP;
				LastUpgradeCheck = 0730;
				ORGANIZATIONNAME = DP;
				TargetAttributes = {
					FD9D34171D6DD2280032ADE1 = {
						CreatedOnToolsVersion = 7.3;
						DevelopmentTeam = 7NVC3FBH95;
					};
					FD9D34331D6DD2280032ADE1 = {
						CreatedOnToolsVersion = 7.3;
						DevelopmentTeam = 7NVC3FBH95;
						TestTargetID = FD9D34171D6DD2280032ADE1;
					};
					FD9D343E1D6DD2280032ADE1 = {
						CreatedOnToolsVersion = 7.3;
						DevelopmentTeam = 7NVC3FBH95;
						TestTargetID = FD9D34171D6DD2280032ADE1;
					};
				};
			};
			buildConfigurationList = FD9D34131D6DD2280032ADE1 /* Build configuration list for PBXProject "MyBilibili" */;
			compatibilityVersion = "Xcode 3.2";
			developmentRegion = English;
			hasScannedForEncodings = 0;
			knownRegions = (
				en,
				Base,
			);
			mainGroup = FD9D340F1D6DD2280032ADE1;
			productRefGroup = FD9D34191D6DD2280032ADE1 /* Products */;
			projectDirPath = "";
			projectRoot = "";
			targets = (
				FD9D34171D6DD2280032ADE1 /* MyBilibili */,
				FD9D34331D6DD2280032ADE1 /* MyBilibiliTests */,
				FD9D343E1D6DD2280032ADE1 /* MyBilibiliUITests */,
			);
		};
/* End PBXProject section */

/* Begin PBXResourcesBuildPhase section */
		FD9D34161D6DD2280032ADE1 /* Resources */ = {
			isa = PBXResourcesBuildPhase;
			buildActionMask = 2147483647;
			files = (
				FD4FED331D6EE2A10059FEA5 /* Info.plist in Resources */,
				FD9D342B1D6DD2280032ADE1 /* Assets.xcassets in Resources */,
				FD4FED411D6EE5D00059FEA5 /* region.json in Resources */,
			);
			runOnlyForDeploymentPostprocessing = 0;
		};
		FD9D34321D6DD2280032ADE1 /* Resources */ = {
			isa = PBXResourcesBuildPhase;
			buildActionMask = 2147483647;
			files = (
			);
			runOnlyForDeploymentPostprocessing = 0;
		};
		FD9D343D1D6DD2280032ADE1 /* Resources */ = {
			isa = PBXResourcesBuildPhase;
			buildActionMask = 2147483647;
			files = (
			);
			runOnlyForDeploymentPostprocessing = 0;
		};
/* End PBXResourcesBuildPhase section */

/* Begin PBXSourcesBuildPhase section */
		FD9D34141D6DD2280032ADE1 /* Sources */ = {
			isa = PBXSourcesBuildPhase;
			buildActionMask = 2147483647;
			files = (
				FDC11C2D1D71F4270099B2EA /* UIRefreshControl+AFNetworking.m in Sources */,
				FDC11C5B1D720F5C0099B2EA /* SDWebImageManager.m in Sources */,
				FDC11C281D71F4270099B2EA /* AFNetworkActivityIndicatorManager.m in Sources */,
				FDC11C5C1D720F5C0099B2EA /* SDWebImagePrefetcher.m in Sources */,
				FD9D34B91D6DE7BF0032ADE1 /* DPMeViewController.m in Sources */,
				FDC11C601D720F5C0099B2EA /* UIImage+WebP.m in Sources */,
				FD9D34C61D6DE96E0032ADE1 /* DPSubareaViewController.m in Sources */,
				FDC11C541D720F5C0099B2EA /* MKAnnotationView+WebCache.m in Sources */,
				FDC11C2E1D71F4270099B2EA /* UIWebView+AFNetworking.m in Sources */,
				FD4FED341D6EE2A10059FEA5 /* MJExtensionConst.m in Sources */,
				FDC11C2C1D71F4270099B2EA /* UIProgressView+AFNetworking.m in Sources */,
				FD4FED361D6EE2A10059FEA5 /* MJProperty.m in Sources */,
				FD4FED3A1D6EE2A10059FEA5 /* NSObject+MJCoding.m in Sources */,
				FDD9C6241D731EB80065D9C6 /* DPHomeStatus.m in Sources */,
				FDC11C591D720F5C0099B2EA /* SDWebImageDownloader.m in Sources */,
				FDC11C5A1D720F5C0099B2EA /* SDWebImageDownloaderOperation.m in Sources */,
				FDC11C5E1D720F5C0099B2EA /* UIImage+GIF.m in Sources */,
				FDC11C291D71F4270099B2EA /* UIActivityIndicatorView+AFNetworking.m in Sources */,
				FD4FED351D6EE2A10059FEA5 /* MJFoundation.m in Sources */,
				FDCB6E531D6FF692004338A2 /* DPItem.m in Sources */,
				FDC11C271D71F4270099B2EA /* AFImageDownloader.m in Sources */,
				FDC11BF61D71C9E00099B2EA /* DPHomeTitleView.m in Sources */,
				FDC11C0F1D71F2050099B2EA /* AFURLResponseSerialization.m in Sources */,
				FDC11C2A1D71F4270099B2EA /* UIButton+AFNetworking.m in Sources */,
				FDC11C571D720F5C0099B2EA /* SDWebImageCompat.m in Sources */,
				FD9D34291D6DD2280032ADE1 /* MyBilibili.xcdatamodeld in Sources */,
				FD4FED441D6EEC2E0059FEA5 /* DPRegionCollectionCell.m in Sources */,
				FD4FED371D6EE2A10059FEA5 /* MJPropertyKey.m in Sources */,
				FDC11C551D720F5C0099B2EA /* NSData+ImageContentType.m in Sources */,
				FDC11C611D720F5C0099B2EA /* UIImageView+HighlightedWebCache.m in Sources */,
				FD9D34C31D6DE8080032ADE1 /* DPFocusTableViewController.m in Sources */,
				FDC11C5D1D720F5C0099B2EA /* UIButton+WebCache.m in Sources */,
				FDC11C621D720F5C0099B2EA /* UIImageView+WebCache.m in Sources */,
				FD9D34BF1D6DE7F10032ADE1 /* DPFoundTableViewController.m in Sources */,
				FD4FED3B1D6EE2A10059FEA5 /* NSObject+MJKeyValue.m in Sources */,
				FD4FED381D6EE2A10059FEA5 /* MJPropertyType.m in Sources */,
				FDD502AF1D6DEC170014EED3 /* DPNavigationController.m in Sources */,
				FD4FED3C1D6EE2A10059FEA5 /* NSObject+MJProperty.m in Sources */,
				FD4FED171D6E9AB90059FEA5 /* UIView+Extension.m in Sources */,
				FD4FED0F1D6E96180059FEA5 /* DPMeHeaderView.m in Sources */,
				FDCB6E581D6FFFEF004338A2 /* DPGroupItem.m in Sources */,
				FDC11C261D71F4270099B2EA /* AFAutoPurgingImageCache.m in Sources */,
				FD4FED1A1D6EE1920059FEA5 /* DPRegion.m in Sources */,
				FDC11C0D1D71F2050099B2EA /* AFSecurityPolicy.m in Sources */,
				FD4FED391D6EE2A10059FEA5 /* NSObject+MJClass.m in Sources */,
				FDCB6E4D1D6FE421004338A2 /* DPMeHomeTabVC.m in Sources */,
				FD9D34BC1D6DE7D20032ADE1 /* DPHomeViewController.m in Sources */,
				FDC11C2B1D71F4270099B2EA /* UIImageView+AFNetworking.m in Sources */,
				FD4FED3D1D6EE2A10059FEA5 /* NSString+MJExtension.m in Sources */,
				FDCB6E501D6FED5C004338A2 /* DPMeTableViewCell.m in Sources */,
				FDC11C0E1D71F2050099B2EA /* AFURLRequestSerialization.m in Sources */,
				FDC11C101D71F2050099B2EA /* AFURLSessionManager.m in Sources */,
				FDC11C581D720F5C0099B2EA /* SDWebImageDecoder.m in Sources */,
				FDCB6E4A1D6FE1FE004338A2 /* DPMeHeadButton.m in Sources */,
				FDC11C0B1D71F2050099B2EA /* AFHTTPSessionManager.m in Sources */,
				FDC11C5F1D720F5C0099B2EA /* UIImage+MultiFormat.m in Sources */,
				FDC11C0C1D71F2050099B2EA /* AFNetworkReachabilityManager.m in Sources */,
				FD9D34201D6DD2280032ADE1 /* AppDelegate.m in Sources */,
				FDC11C561D720F5C0099B2EA /* SDImageCache.m in Sources */,
				FDC11BFC1D71D9440099B2EA /* DPHomeBanner.m in Sources */,
				FDC11C631D720F5C0099B2EA /* UIView+WebCacheOperation.m in Sources */,
				FDC11BF91D71D6130099B2EA /* DPHomeRecommendTableVC.m in Sources */,
				FDC11C6C1D72B9DF0099B2EA /* DPHomeHeadView.m in Sources */,
				FD9D34731D6DDDA80032ADE1 /* DPTabBarViewController.m in Sources */,
				FD9D341D1D6DD2280032ADE1 /* main.m in Sources */,
			);
			runOnlyForDeploymentPostprocessing = 0;
		};
		FD9D34301D6DD2280032ADE1 /* Sources */ = {
			isa = PBXSourcesBuildPhase;
			buildActionMask = 2147483647;
			files = (
				FD9D34391D6DD2280032ADE1 /* MyBilibiliTests.m in Sources */,
			);
			runOnlyForDeploymentPostprocessing = 0;
		};
		FD9D343B1D6DD2280032ADE1 /* Sources */ = {
			isa = PBXSourcesBuildPhase;
			buildActionMask = 2147483647;
			files = (
				FD9D34441D6DD2280032ADE1 /* MyBilibiliUITests.m in Sources */,
			);
			runOnlyForDeploymentPostprocessing = 0;
		};
/* End PBXSourcesBuildPhase section */

/* Begin PBXTargetDependency section */
		FD9D34361D6DD2280032ADE1 /* PBXTargetDependency */ = {
			isa = PBXTargetDependency;
			target = FD9D34171D6DD2280032ADE1 /* MyBilibili */;
			targetProxy = FD9D34351D6DD2280032ADE1 /* PBXContainerItemProxy */;
		};
		FD9D34411D6DD2280032ADE1 /* PBXTargetDependency */ = {
			isa = PBXTargetDependency;
			target = FD9D34171D6DD2280032ADE1 /* MyBilibili */;
			targetProxy = FD9D34401D6DD2280032ADE1 /* PBXContainerItemProxy */;
		};
/* End PBXTargetDependency section */

/* Begin XCBuildConfiguration section */
		FD9D34461D6DD2280032ADE1 /* Debug */ = {
			isa = XCBuildConfiguration;
			buildSettings = {
				ALWAYS_SEARCH_USER_PATHS = NO;
				CLANG_ANALYZER_NONNULL = YES;
				CLANG_CXX_LANGUAGE_STANDARD = "gnu++0x";
				CLANG_CXX_LIBRARY = "libc++";
				CLANG_ENABLE_MODULES = YES;
				CLANG_ENABLE_OBJC_ARC = YES;
				CLANG_WARN_BOOL_CONVERSION = YES;
				CLANG_WARN_CONSTANT_CONVERSION = YES;
				CLANG_WARN_DIRECT_OBJC_ISA_USAGE = YES_ERROR;
				CLANG_WARN_EMPTY_BODY = YES;
				CLANG_WARN_ENUM_CONVERSION = YES;
				CLANG_WARN_INT_CONVERSION = YES;
				CLANG_WARN_OBJC_ROOT_CLASS = YES_ERROR;
				CLANG_WARN_UNREACHABLE_CODE = YES;
				CLANG_WARN__DUPLICATE_METHOD_MATCH = YES;
				"CODE_SIGN_IDENTITY[sdk=iphoneos*]" = "iPhone Developer";
				COPY_PHASE_STRIP = NO;
				DEBUG_INFORMATION_FORMAT = dwarf;
				ENABLE_STRICT_OBJC_MSGSEND = YES;
				ENABLE_TESTABILITY = YES;
				GCC_C_LANGUAGE_STANDARD = gnu99;
				GCC_DYNAMIC_NO_PIC = NO;
				GCC_NO_COMMON_BLOCKS = YES;
				GCC_OPTIMIZATION_LEVEL = 0;
				GCC_PREPROCESSOR_DEFINITIONS = (
					"DEBUG=1",
					"$(inherited)",
				);
				GCC_WARN_64_TO_32_BIT_CONVERSION = YES;
				GCC_WARN_ABOUT_RETURN_TYPE = YES_ERROR;
				GCC_WARN_UNDECLARED_SELECTOR = YES;
				GCC_WARN_UNINITIALIZED_AUTOS = YES_AGGRESSIVE;
				GCC_WARN_UNUSED_FUNCTION = YES;
				GCC_WARN_UNUSED_VARIABLE = YES;
				IPHONEOS_DEPLOYMENT_TARGET = 9.3;
				MTL_ENABLE_DEBUG_INFO = YES;
				ONLY_ACTIVE_ARCH = YES;
				SDKROOT = iphoneos;
			};
			name = Debug;
		};
		FD9D34471D6DD2280032ADE1 /* Release */ = {
			isa = XCBuildConfiguration;
			buildSettings = {
				ALWAYS_SEARCH_USER_PATHS = NO;
				CLANG_ANALYZER_NONNULL = YES;
				CLANG_CXX_LANGUAGE_STANDARD = "gnu++0x";
				CLANG_CXX_LIBRARY = "libc++";
				CLANG_ENABLE_MODULES = YES;
				CLANG_ENABLE_OBJC_ARC = YES;
				CLANG_WARN_BOOL_CONVERSION = YES;
				CLANG_WARN_CONSTANT_CONVERSION = YES;
				CLANG_WARN_DIRECT_OBJC_ISA_USAGE = YES_ERROR;
				CLANG_WARN_EMPTY_BODY = YES;
				CLANG_WARN_ENUM_CONVERSION = YES;
				CLANG_WARN_INT_CONVERSION = YES;
				CLANG_WARN_OBJC_ROOT_CLASS = YES_ERROR;
				CLANG_WARN_UNREACHABLE_CODE = YES;
				CLANG_WARN__DUPLICATE_METHOD_MATCH = YES;
				"CODE_SIGN_IDENTITY[sdk=iphoneos*]" = "iPhone Developer";
				COPY_PHASE_STRIP = NO;
				DEBUG_INFORMATION_FORMAT = "dwarf-with-dsym";
				ENABLE_NS_ASSERTIONS = NO;
				ENABLE_STRICT_OBJC_MSGSEND = YES;
				GCC_C_LANGUAGE_STANDARD = gnu99;
				GCC_NO_COMMON_BLOCKS = YES;
				GCC_WARN_64_TO_32_BIT_CONVERSION = YES;
				GCC_WARN_ABOUT_RETURN_TYPE = YES_ERROR;
				GCC_WARN_UNDECLARED_SELECTOR = YES;
				GCC_WARN_UNINITIALIZED_AUTOS = YES_AGGRESSIVE;
				GCC_WARN_UNUSED_FUNCTION = YES;
				GCC_WARN_UNUSED_VARIABLE = YES;
				IPHONEOS_DEPLOYMENT_TARGET = 9.3;
				MTL_ENABLE_DEBUG_INFO = NO;
				SDKROOT = iphoneos;
				VALIDATE_PRODUCT = YES;
			};
			name = Release;
		};
		FD9D34491D6DD2280032ADE1 /* Debug */ = {
			isa = XCBuildConfiguration;
			buildSettings = {
				ASSETCATALOG_COMPILER_APPICON_NAME = AppIcon;
				ASSETCATALOG_COMPILER_LAUNCHIMAGE_NAME = LaunchImage;
				CLANG_ENABLE_OBJC_WEAK = YES;
				GCC_PRECOMPILE_PREFIX_HEADER = YES;
				GCC_PREFIX_HEADER = "/Users/duanpei/Desktop/哔哩哔哩/MyBilibili/MyBilibili/PrefixHeader.pch";
				INFOPLIST_FILE = MyBilibili/Info.plist;
				LD_RUNPATH_SEARCH_PATHS = "$(inherited) @executable_path/Frameworks";
				PRODUCT_BUNDLE_IDENTIFIER = com.thinkofsomethingcleve.MyBilibili;
				PRODUCT_NAME = "$(TARGET_NAME)";
				TARGETED_DEVICE_FAMILY = 1;
			};
			name = Debug;
		};
		FD9D344A1D6DD2280032ADE1 /* Release */ = {
			isa = XCBuildConfiguration;
			buildSettings = {
				ASSETCATALOG_COMPILER_APPICON_NAME = AppIcon;
				ASSETCATALOG_COMPILER_LAUNCHIMAGE_NAME = LaunchImage;
				CLANG_ENABLE_OBJC_WEAK = YES;
				GCC_PRECOMPILE_PREFIX_HEADER = YES;
				GCC_PREFIX_HEADER = "/Users/duanpei/Desktop/哔哩哔哩/MyBilibili/MyBilibili/PrefixHeader.pch";
				INFOPLIST_FILE = MyBilibili/Info.plist;
				LD_RUNPATH_SEARCH_PATHS = "$(inherited) @executable_path/Frameworks";
				PRODUCT_BUNDLE_IDENTIFIER = com.thinkofsomethingcleve.MyBilibili;
				PRODUCT_NAME = "$(TARGET_NAME)";
				TARGETED_DEVICE_FAMILY = 1;
			};
			name = Release;
		};
		FD9D344C1D6DD2280032ADE1 /* Debug */ = {
			isa = XCBuildConfiguration;
			buildSettings = {
				BUNDLE_LOADER = "$(TEST_HOST)";
				INFOPLIST_FILE = MyBilibiliTests/Info.plist;
				LD_RUNPATH_SEARCH_PATHS = "$(inherited) @executable_path/Frameworks @loader_path/Frameworks";
				PRODUCT_BUNDLE_IDENTIFIER = com.thinkofsomethingcleve.MyBilibiliTests;
				PRODUCT_NAME = "$(TARGET_NAME)";
				TEST_HOST = "$(BUILT_PRODUCTS_DIR)/MyBilibili.app/MyBilibili";
			};
			name = Debug;
		};
		FD9D344D1D6DD2280032ADE1 /* Release */ = {
			isa = XCBuildConfiguration;
			buildSettings = {
				BUNDLE_LOADER = "$(TEST_HOST)";
				INFOPLIST_FILE = MyBilibiliTests/Info.plist;
				LD_RUNPATH_SEARCH_PATHS = "$(inherited) @executable_path/Frameworks @loader_path/Frameworks";
				PRODUCT_BUNDLE_IDENTIFIER = com.thinkofsomethingcleve.MyBilibiliTests;
				PRODUCT_NAME = "$(TARGET_NAME)";
				TEST_HOST = "$(BUILT_PRODUCTS_DIR)/MyBilibili.app/MyBilibili";
			};
			name = Release;
		};
		FD9D344F1D6DD2280032ADE1 /* Debug */ = {
			isa = XCBuildConfiguration;
			buildSettings = {
				INFOPLIST_FILE = MyBilibiliUITests/Info.plist;
				LD_RUNPATH_SEARCH_PATHS = "$(inherited) @executable_path/Frameworks @loader_path/Frameworks";
				PRODUCT_BUNDLE_IDENTIFIER = com.thinkofsomethingcleve.MyBilibiliUITests;
				PRODUCT_NAME = "$(TARGET_NAME)";
				TEST_TARGET_NAME = MyBilibili;
			};
			name = Debug;
		};
		FD9D34501D6DD2280032ADE1 /* Release */ = {
			isa = XCBuildConfiguration;
			buildSettings = {
				INFOPLIST_FILE = MyBilibiliUITests/Info.plist;
				LD_RUNPATH_SEARCH_PATHS = "$(inherited) @executable_path/Frameworks @loader_path/Frameworks";
				PRODUCT_BUNDLE_IDENTIFIER = com.thinkofsomethingcleve.MyBilibiliUITests;
				PRODUCT_NAME = "$(TARGET_NAME)";
				TEST_TARGET_NAME = MyBilibili;
			};
			name = Release;
		};
/* End XCBuildConfiguration section */

/* Begin XCConfigurationList section */
		FD9D34131D6DD2280032ADE1 /* Build configuration list for PBXProject "MyBilibili" */ = {
			isa = XCConfigurationList;
			buildConfigurations = (
				FD9D34461D6DD2280032ADE1 /* Debug */,
				FD9D34471D6DD2280032ADE1 /* Release */,
			);
			defaultConfigurationIsVisible = 0;
			defaultConfigurationName = Release;
		};
		FD9D34481D6DD2280032ADE1 /* Build configuration list for PBXNativeTarget "MyBilibili" */ = {
			isa = XCConfigurationList;
			buildConfigurations = (
				FD9D34491D6DD2280032ADE1 /* Debug */,
				FD9D344A1D6DD2280032ADE1 /* Release */,
			);
			defaultConfigurationIsVisible = 0;
			defaultConfigurationName = Release;
		};
		FD9D344B1D6DD2280032ADE1 /* Build configuration list for PBXNativeTarget "MyBilibiliTests" */ = {
			isa = XCConfigurationList;
			buildConfigurations = (
				FD9D344C1D6DD2280032ADE1 /* Debug */,
				FD9D344D1D6DD2280032ADE1 /* Release */,
			);
			defaultConfigurationIsVisible = 0;
			defaultConfigurationName = Release;
		};
		FD9D344E1D6DD2280032ADE1 /* Build configuration list for PBXNativeTarget "MyBilibiliUITests" */ = {
			isa = XCConfigurationList;
			buildConfigurations = (
				FD9D344F1D6DD2280032ADE1 /* Debug */,
				FD9D34501D6DD2280032ADE1 /* Release */,
			);
			defaultConfigurationIsVisible = 0;
			defaultConfigurationName = Release;
		};
/* End XCConfigurationList section */

/* Begin XCVersionGroup section */
		FD9D34271D6DD2280032ADE1 /* MyBilibili.xcdatamodeld */ = {
			isa = XCVersionGroup;
			children = (
				FD9D34281D6DD2280032ADE1 /* MyBilibili.xcdatamodel */,
			);
			currentVersion = FD9D34281D6DD2280032ADE1 /* MyBilibili.xcdatamodel */;
			path = MyBilibili.xcdatamodeld;
			sourceTree = "<group>";
			versionGroupType = wrapper.xcdatamodel;
		};
/* End XCVersionGroup section */
	};
	rootObject = FD9D34101D6DD2280032ADE1 /* Project object */;
}
